PODS:
  - CrashlyticsFrameworkIOS (3.0.8)
  - FontAwesomeIconFactory (1.4)
  - GoogleAnalytics (3.13.0)
  - JASidePanels (1.3.2)
  - MGSplitViewController (1.0.0)
  - MobileVLCKit (2.2.1)
  - NoticeView (3.0.7)
  - PDKeychainBindingsController (0.0.1)
  - SDSegmentedControl (HEAD based on 1.0.4)
  - SDWebImage (3.7.3):
    - SDWebImage/Core (= 3.7.3)
  - SDWebImage/Core (3.7.3)
  - UIActionSheet+Blocks (0.9)
  - WTStatusBar (0.0.5)

DEPENDENCIES:
  - CrashlyticsFrameworkIOS (~> 3.0)
  - FontAwesomeIconFactory (~> 1.4)
  - GoogleAnalytics
  - JASidePanels (~> 1.3)
  - MGSplitViewController (from `git://github.com/zipleen/MGSplitViewController.git`)
  - MobileVLCKit (~> 2.2)
  - NoticeView (~> 3.0)
  - PDKeychainBindingsController (~> 0.0)
  - SDSegmentedControl (HEAD)
  - SDWebImage (~> 3.7)
  - UIActionSheet+Blocks (~> 0.8)
  - WTStatusBar (~> 0.0)

EXTERNAL SOURCES:
  MGSplitViewController:
    :git: git://github.com/zipleen/MGSplitViewController.git

CHECKOUT OPTIONS:
  MGSplitViewController:
    :commit: d7682eb68a59da604759aea9ac9f3547b87ca2af
    :git: git://github.com/zipleen/MGSplitViewController.git

SPEC CHECKSUMS:
  CrashlyticsFrameworkIOS: d16ae30f1feafe8c8bbe5bc7fdd69f2f5fe2de52
  FontAwesomeIconFactory: 4b6d0a8d90b2604a2518e34d15bbc100af99f11c
  GoogleAnalytics: fcf1f1cad57ae1a9a53520018f0f680ceeeb8b49
  JASidePanels: c8f5b130e18d51ee3de988d1c1fad2f88e0b0d21
  MGSplitViewController: e20898b05fe128c40dc8c02c3553b3b42c6185ad
  MobileVLCKit: bb3359b2221316554129beb0c45827803a2de9be
  NoticeView: 20178f60a5ab0b7fc496a2da6518df72bf14c0b0
  PDKeychainBindingsController: fa8cb3cf99f2ea9240d61066ed0549f34e2cec3c
  SDSegmentedControl: 268239cca96710be486efb0ad96d2838a60b90c5
  SDWebImage: 1d2b1a1efda1ade1b00b6f8498865f8ddedc8a84
  UIActionSheet+Blocks: e180b7dad0a721ab7f212ac9742af799008bb358
  WTStatusBar: 2803d0d84937a1ec82fbe17ae7a2d1b76b192396

COCOAPODS: 0.38.2
