// !$*UTF8*$!
{
	archiveVersion = 1;
	classes = {
	};
	objectVersion = 46;
	objects = {

/* Begin PBXBuildFile section */
		AA041CFB181422D7002019FF /* Images.xcassets in Resources */ = {isa = PBXBuildFile; fileRef = AA041CFA181422D7002019FF /* Images.xcassets */; };
		AA08625517AAF9FD001108D7 /* TVHUICustomTabBarController.m in Sources */ = {isa = PBXBuildFile; fileRef = AA08625417AAF9FD001108D7 /* TVHUICustomTabBarController.m */; };
		AA08B24717838197000B0E2E /* UIView+ClosestParent.m in Sources */ = {isa = PBXBuildFile; fileRef = AA08B24617838197000B0E2E /* UIView+ClosestParent.m */; };
		AA0BE36017A1DFBF00D33B7A /* TVHProgressBar.m in Sources */ = {isa = PBXBuildFile; fileRef = AA0BE35F17A1DFBF00D33B7A /* TVHProgressBar.m */; };
		AA132E9D16D91EDC0074FAB8 /* TVHUICustomTabBar.m in Sources */ = {isa = PBXBuildFile; fileRef = AA132E9C16D91EDC0074FAB8 /* TVHUICustomTabBar.m */; };
		AA132EBB16D9594B0074FAB8 /* TVHUICustomNavigationBar.m in Sources */ = {isa = PBXBuildFile; fileRef = AA132EBA16D9594B0074FAB8 /* TVHUICustomNavigationBar.m */; };
		AA21878816E7F6D9005D95EF /* NSString+FileSize.m in Sources */ = {isa = PBXBuildFile; fileRef = AA21878716E7F6D9005D95EF /* NSString+FileSize.m */; };
		AA21F11616C7F6A10041C505 /* TVHChannelStoreProgramsViewController.m in Sources */ = {isa = PBXBuildFile; fileRef = AA21F11516C7F6A10041C505 /* TVHChannelStoreProgramsViewController.m */; };
		AA28BA4816E6A12A0029A723 /* TVHPlayStreamHelpController.m in Sources */ = {isa = PBXBuildFile; fileRef = AA28BA4716E6A1290029A723 /* TVHPlayStreamHelpController.m */; };
		AA2C7DEE19BCB6A3001EDC67 /* libsqlite3.0.dylib in Frameworks */ = {isa = PBXBuildFile; fileRef = AA2C7DED19BCB6A3001EDC67 /* libsqlite3.0.dylib */; };
		AA2C7E2F19BCDA40001EDC67 /* GoogleCast.framework in Frameworks */ = {isa = PBXBuildFile; fileRef = AA2C7E2E19BCDA40001EDC67 /* GoogleCast.framework */; };
		AA3721C216FBF18500C21F09 /* about.html in Resources */ = {isa = PBXBuildFile; fileRef = AA3721C116FBF18500C21F09 /* about.html */; };
		AA3721C416FBF19100C21F09 /* licenses.html in Resources */ = {isa = PBXBuildFile; fileRef = AA3721C316FBF19100C21F09 /* licenses.html */; };
		AA3EE6F8172B008100AD60F5 /* CoreData.framework in Frameworks */ = {isa = PBXBuildFile; fileRef = AA3EE6F7172B008100AD60F5 /* CoreData.framework */; };
		AA407E2D16D1A0EE00451E6F /* Localizable.strings in Resources */ = {isa = PBXBuildFile; fileRef = AA407E2F16D1A0EE00451E6F /* Localizable.strings */; };
		AA407E4116D1CE5600451E6F /* TVHStatusSubscriptionsViewController.m in Sources */ = {isa = PBXBuildFile; fileRef = AA407E4016D1CE5600451E6F /* TVHStatusSubscriptionsViewController.m */; };
		AA424AF416F6797C00D20F12 /* TVHSettingsViewController.m in Sources */ = {isa = PBXBuildFile; fileRef = AA424AF316F6797B00D20F12 /* TVHSettingsViewController.m */; };
		AA43D47016CEFC5500104BBF /* QuartzCore.framework in Frameworks */ = {isa = PBXBuildFile; fileRef = AA43D46F16CEFC5400104BBF /* QuartzCore.framework */; };
		AA43D49F16CF167300104BBF /* UIKit.framework in Frameworks */ = {isa = PBXBuildFile; fileRef = AAB399F316BDB21900973F88 /* UIKit.framework */; };
		AA43D4A016CF167300104BBF /* Foundation.framework in Frameworks */ = {isa = PBXBuildFile; fileRef = AAB399F516BDB21900973F88 /* Foundation.framework */; };
		AA43D4A616CF167300104BBF /* InfoPlist.strings in Resources */ = {isa = PBXBuildFile; fileRef = AA43D4A416CF167300104BBF /* InfoPlist.strings */; };
		AA43D4A916CF167300104BBF /* TvhClientTests.m in Sources */ = {isa = PBXBuildFile; fileRef = AA43D4A816CF167300104BBF /* TvhClientTests.m */; };
		AA6199A01A18D03300D9374D /* VLCExternalDisplayController.m in Sources */ = {isa = PBXBuildFile; fileRef = AA61999D1A18D03300D9374D /* VLCExternalDisplayController.m */; };
		AA6199A11A18D03300D9374D /* VLCMovieViewController.m in Sources */ = {isa = PBXBuildFile; fileRef = AA61999F1A18D03300D9374D /* VLCMovieViewController.m */; };
		AA6199A61A18E82300D9374D /* VLCFrostedGlasView.m in Sources */ = {isa = PBXBuildFile; fileRef = AA6199A51A18E82300D9374D /* VLCFrostedGlasView.m */; };
		AA6199AC1A18EAB400D9374D /* OBSlider.m in Sources */ = {isa = PBXBuildFile; fileRef = AA6199AB1A18EAB400D9374D /* OBSlider.m */; };
		AA6199AF1A18EACC00D9374D /* VLCStatusLabel.m in Sources */ = {isa = PBXBuildFile; fileRef = AA6199AE1A18EACC00D9374D /* VLCStatusLabel.m */; };
		AA6199B21A18EBD800D9374D /* UIColor+Presets.m in Sources */ = {isa = PBXBuildFile; fileRef = AA6199B11A18EBD800D9374D /* UIColor+Presets.m */; };
		AA6199D61A18FC3700D9374D /* VLCMovieViewController~ipad.xib in Resources */ = {isa = PBXBuildFile; fileRef = AA6199D41A18FC3700D9374D /* VLCMovieViewController~ipad.xib */; };
		AA6199DA1A1903F000D9374D /* VLCSlider.m in Sources */ = {isa = PBXBuildFile; fileRef = AA6199D91A1903F000D9374D /* VLCSlider.m */; };
		AA6542231706196900BA20C1 /* TVHShowNotice.m in Sources */ = {isa = PBXBuildFile; fileRef = AA6542221706196800BA20C1 /* TVHShowNotice.m */; };
		AA6ADF86181F2A42000DC39A /* TVHSettingsWebControllerViewController.m in Sources */ = {isa = PBXBuildFile; fileRef = AA6ADF85181F2A42000DC39A /* TVHSettingsWebControllerViewController.m */; };
		AA7C3FCF16C6CC810057E4C4 /* TVHSettings.m in Sources */ = {isa = PBXBuildFile; fileRef = AA7C3FCE16C6CC810057E4C4 /* TVHSettings.m */; };
		AA845E3817E90309002D1CB5 /* TVHStatusBar.m in Sources */ = {isa = PBXBuildFile; fileRef = AA845E3717E90309002D1CB5 /* TVHStatusBar.m */; };
		AA8CDBE01819CC090025C39F /* TVHAnalytics.m in Sources */ = {isa = PBXBuildFile; fileRef = AA8CDBDF1819CC090025C39F /* TVHAnalytics.m */; };
		AA8DC11C16E1762E00F93BD7 /* TVHRecordingsDetailViewController.m in Sources */ = {isa = PBXBuildFile; fileRef = AA8DC11B16E1762E00F93BD7 /* TVHRecordingsDetailViewController.m */; };
		AA8DECFE16DEBFAE00AF6A51 /* TVHRecordingsViewController.m in Sources */ = {isa = PBXBuildFile; fileRef = AA8DECFD16DEBFAE00AF6A51 /* TVHRecordingsViewController.m */; };
		AA8DED2416DEDFB300AF6A51 /* ImageIO.framework in Frameworks */ = {isa = PBXBuildFile; fileRef = AA8DED2316DEDFB300AF6A51 /* ImageIO.framework */; };
		AA8EA9801751413A008B3703 /* TVHJASidePanelController.m in Sources */ = {isa = PBXBuildFile; fileRef = AA8EA97F1751413A008B3703 /* TVHJASidePanelController.m */; };
		AA91023316C6B6F800673DF5 /* MobileCoreServices.framework in Frameworks */ = {isa = PBXBuildFile; fileRef = AA91023216C6B6F800673DF5 /* MobileCoreServices.framework */; };
		AA91023516C6B72500673DF5 /* SystemConfiguration.framework in Frameworks */ = {isa = PBXBuildFile; fileRef = AA91023416C6B72500673DF5 /* SystemConfiguration.framework */; };
		AA97AA5D17065B540068702E /* Security.framework in Frameworks */ = {isa = PBXBuildFile; fileRef = AA97AA5C17065B540068702E /* Security.framework */; };
		AA99BC5F16ED54290087060A /* TVHEpgTableViewController.m in Sources */ = {isa = PBXBuildFile; fileRef = AA99BC5E16ED54290087060A /* TVHEpgTableViewController.m */; };
		AA9E76E1181DD48500E5A0D4 /* TVHWebLogViewController.m in Sources */ = {isa = PBXBuildFile; fileRef = AA9E76E0181DD48500E5A0D4 /* TVHWebLogViewController.m */; };
		AAA40AC61A0C35FE005D94E1 /* TVHButton.m in Sources */ = {isa = PBXBuildFile; fileRef = AAA40AC51A0C35FE005D94E1 /* TVHButton.m */; };
		AAAC5AC71748FDC4006B093E /* TVHStatusSplitViewController.m in Sources */ = {isa = PBXBuildFile; fileRef = AAAC5AC61748FDC4006B093E /* TVHStatusSplitViewController.m */; };
		AAB229221A1C108A00842EC2 /* VLCMovieViewController~iphone.xib in Resources */ = {isa = PBXBuildFile; fileRef = AAB229211A1C108A00842EC2 /* VLCMovieViewController~iphone.xib */; };
		AAB33133179A0AD4001630DC /* MediaPlayer.framework in Frameworks */ = {isa = PBXBuildFile; fileRef = AAB33132179A0AD4001630DC /* MediaPlayer.framework */; };
		AAB33136179A0B66001630DC /* TVHNativeMoviePlayerViewController.m in Sources */ = {isa = PBXBuildFile; fileRef = AAB33135179A0B66001630DC /* TVHNativeMoviePlayerViewController.m */; };
		AAB399F416BDB21900973F88 /* UIKit.framework in Frameworks */ = {isa = PBXBuildFile; fileRef = AAB399F316BDB21900973F88 /* UIKit.framework */; };
		AAB399F616BDB21900973F88 /* Foundation.framework in Frameworks */ = {isa = PBXBuildFile; fileRef = AAB399F516BDB21900973F88 /* Foundation.framework */; };
		AAB399F816BDB21900973F88 /* CoreGraphics.framework in Frameworks */ = {isa = PBXBuildFile; fileRef = AAB399F716BDB21900973F88 /* CoreGraphics.framework */; };
		AAB399FE16BDB21900973F88 /* InfoPlist.strings in Resources */ = {isa = PBXBuildFile; fileRef = AAB399FC16BDB21900973F88 /* InfoPlist.strings */; };
		AAB39A0016BDB21900973F88 /* main.m in Sources */ = {isa = PBXBuildFile; fileRef = AAB399FF16BDB21900973F88 /* main.m */; };
		AAB39A0416BDB21900973F88 /* TVHAppDelegate.m in Sources */ = {isa = PBXBuildFile; fileRef = AAB39A0316BDB21900973F88 /* TVHAppDelegate.m */; };
		AAB39A0D16BDB21900973F88 /* MainStoryboard_iPhone.storyboard in Resources */ = {isa = PBXBuildFile; fileRef = AAB39A0B16BDB21900973F88 /* MainStoryboard_iPhone.storyboard */; };
		AAB39A1016BDB21900973F88 /* MainStoryboard_iPad.storyboard in Resources */ = {isa = PBXBuildFile; fileRef = AAB39A0E16BDB21900973F88 /* MainStoryboard_iPad.storyboard */; };
		AAB39A1B16BDB29C00973F88 /* TVHChannelStoreViewController.m in Sources */ = {isa = PBXBuildFile; fileRef = AAB39A1A16BDB29C00973F88 /* TVHChannelStoreViewController.m */; };
		AABCEFB5182EF9F400549ADF /* TVHServicesViewController.m in Sources */ = {isa = PBXBuildFile; fileRef = AABCEFB4182EF9F400549ADF /* TVHServicesViewController.m */; };
		AABE682A16EBB0FE003E8F92 /* TVHDebugLogViewController.m in Sources */ = {isa = PBXBuildFile; fileRef = AABE682916EBB0FE003E8F92 /* TVHDebugLogViewController.m */; };
		AABF3956185E157E00E62240 /* TVHModelAnalytics.m in Sources */ = {isa = PBXBuildFile; fileRef = AABF3955185E157E00E62240 /* TVHModelAnalytics.m */; };
		AABF3B99185E655B00E62240 /* AFHTTPRequestOperationLogger.m in Sources */ = {isa = PBXBuildFile; fileRef = AABF3B98185E655B00E62240 /* AFHTTPRequestOperationLogger.m */; };
		AABF3BB9185E66CA00E62240 /* libz.dylib in Frameworks */ = {isa = PBXBuildFile; fileRef = AABF3BB8185E66CA00E62240 /* libz.dylib */; };
		AABF3BBD185E6B2100E62240 /* libtvheadend-ios-lib.a in Frameworks */ = {isa = PBXBuildFile; fileRef = AABF3B90185E62B600E62240 /* libtvheadend-ios-lib.a */; };
		AABF3C05185E6E6600E62240 /* TVHImageCache.m in Sources */ = {isa = PBXBuildFile; fileRef = AABF3C04185E6E6600E62240 /* TVHImageCache.m */; };
		AAC468551A22662E000E3E73 /* UIDevice+SpeedCategory.m in Sources */ = {isa = PBXBuildFile; fileRef = AAC468541A22662E000E3E73 /* UIDevice+SpeedCategory.m */; };
		AAC59D6017A09821005F07B3 /* IAPHelper.m in Sources */ = {isa = PBXBuildFile; fileRef = AAC59D5B17A09821005F07B3 /* IAPHelper.m */; };
		AAC59D6117A09821005F07B3 /* TVHIAPHelper.m in Sources */ = {isa = PBXBuildFile; fileRef = AAC59D5D17A09821005F07B3 /* TVHIAPHelper.m */; };
		AAC59D6217A09821005F07B3 /* TVHSupportMeViewController.m in Sources */ = {isa = PBXBuildFile; fileRef = AAC59D5F17A09821005F07B3 /* TVHSupportMeViewController.m */; };
		AAC59D6517A09A1E005F07B3 /* StoreKit.framework in Frameworks */ = {isa = PBXBuildFile; fileRef = AAC59D6417A09A1E005F07B3 /* StoreKit.framework */; settings = {ATTRIBUTES = (Weak, ); }; };
		AAC8426E172F11A5004BAB24 /* TVHChannelSplitViewController.m in Sources */ = {isa = PBXBuildFile; fileRef = AAC8426D172F11A5004BAB24 /* TVHChannelSplitViewController.m */; };
		AAE1EACA170B6A4A006DE2BE /* CoreText.framework in Frameworks */ = {isa = PBXBuildFile; fileRef = AAE1EAC9170B6A4A006DE2BE /* CoreText.framework */; settings = {ATTRIBUTES = (Weak, ); }; };
		AAE5273E16F28FEF002047E4 /* TVHAutoRecDetailViewController.m in Sources */ = {isa = PBXBuildFile; fileRef = AAE5273D16F28FEF002047E4 /* TVHAutoRecDetailViewController.m */; };
		AAE7B798170781AB0052E6F3 /* CFNetwork.framework in Frameworks */ = {isa = PBXBuildFile; fileRef = AAE7B797170781AB0052E6F3 /* CFNetwork.framework */; };
		AAF0537018245FA0008B1A0A /* TVHDebugLytics.m in Sources */ = {isa = PBXBuildFile; fileRef = AAF0536F18245FA0008B1A0A /* TVHDebugLytics.m */; };
		AAF2648217441EC2006C96CE /* TVHMainSlidePanelViewController.m in Sources */ = {isa = PBXBuildFile; fileRef = AAF2648117441EC2006C96CE /* TVHMainSlidePanelViewController.m */; };
		AAF2648517442010006C96CE /* TVHRecordingsSplitViewController.m in Sources */ = {isa = PBXBuildFile; fileRef = AAF2648417442010006C96CE /* TVHRecordingsSplitViewController.m */; };
		AAF2648817442247006C96CE /* TVHLeftMainMenuViewController.m in Sources */ = {isa = PBXBuildFile; fileRef = AAF2648717442247006C96CE /* TVHLeftMainMenuViewController.m */; };
		AAF54A1F16C7137B0076DF17 /* TVHTagStoreViewController.m in Sources */ = {isa = PBXBuildFile; fileRef = AAF54A1E16C7137B0076DF17 /* TVHTagStoreViewController.m */; };
		AAF5FCAF17A844BD001E908B /* NSDate+Utilities.m in Sources */ = {isa = PBXBuildFile; fileRef = AAF5FCAE17A844BD001E908B /* NSDate+Utilities.m */; };
		AAF5FCB517A85A49001E908B /* TVHAdapterMuxViewController.m in Sources */ = {isa = PBXBuildFile; fileRef = AAF5FCB417A85A49001E908B /* TVHAdapterMuxViewController.m */; };
		AAFC2A0A16FB34B500194DFF /* TVHSettingsServersViewController.m in Sources */ = {isa = PBXBuildFile; fileRef = AAFC2A0916FB34B500194DFF /* TVHSettingsServersViewController.m */; };
		AAFCB6C116C86EC800A64434 /* TVHProgramDetailViewController.m in Sources */ = {isa = PBXBuildFile; fileRef = AAFCB6C016C86EC800A64434 /* TVHProgramDetailViewController.m */; };
		AAFD3632170106DA00448059 /* TVHSettingsGenericFieldViewController.m in Sources */ = {isa = PBXBuildFile; fileRef = AAFD3631170106DA00448059 /* TVHSettingsGenericFieldViewController.m */; };
		AAFD36381701232000448059 /* TVHSettingsGenericTextViewController.m in Sources */ = {isa = PBXBuildFile; fileRef = AAFD36371701232000448059 /* TVHSettingsGenericTextViewController.m */; };
		AAFDEC6417454CE80035D734 /* TVHSingletonServer.m in Sources */ = {isa = PBXBuildFile; fileRef = AAFDEC6317454CE80035D734 /* TVHSingletonServer.m */; };
		DBB742A81FF29EF1F973782E /* libPods.a in Frameworks */ = {isa = PBXBuildFile; fileRef = E3AA44A636E6CB7CDFED665D /* libPods.a */; };
		F0D376F11B166A7A008B234B /* MediaAccessibility.framework in Frameworks */ = {isa = PBXBuildFile; fileRef = AA2C7E3019BCDA94001EDC67 /* MediaAccessibility.framework */; settings = {ATTRIBUTES = (Weak, ); }; };
/* End PBXBuildFile section */

/* Begin PBXContainerItemProxy section */
		AA43D4B416CF230400104BBF /* PBXContainerItemProxy */ = {
			isa = PBXContainerItemProxy;
			containerPortal = AAB399E816BDB21900973F88 /* Project object */;
			proxyType = 1;
			remoteGlobalIDString = AAB399EF16BDB21900973F88;
			remoteInfo = "TVHeadend iPhone Client";
		};
		AABF3B8F185E62B600E62240 /* PBXContainerItemProxy */ = {
			isa = PBXContainerItemProxy;
			containerPortal = AABF3B8A185E62B600E62240 /* tvheadend-ios-lib.xcodeproj */;
			proxyType = 2;
			remoteGlobalIDString = AABF3A4C185E586700E62240;
			remoteInfo = "tvheadend-ios-lib";
		};
		AABF3B91185E62B600E62240 /* PBXContainerItemProxy */ = {
			isa = PBXContainerItemProxy;
			containerPortal = AABF3B8A185E62B600E62240 /* tvheadend-ios-lib.xcodeproj */;
			proxyType = 2;
			remoteGlobalIDString = AABF3A5C185E586700E62240;
			remoteInfo = "tvheadend-ios-libTests";
		};
		F0CDE4661BA21460000A969B /* PBXContainerItemProxy */ = {
			isa = PBXContainerItemProxy;
			containerPortal = AABF3B8A185E62B600E62240 /* tvheadend-ios-lib.xcodeproj */;
			proxyType = 1;
			remoteGlobalIDString = AABF3A4B185E586700E62240;
			remoteInfo = "tvheadend-ios-lib";
		};
/* End PBXContainerItemProxy section */

/* Begin PBXFileReference section */
		240E45C6A3BE5C9FBFE45275 /* Pods.release.xcconfig */ = {isa = PBXFileReference; includeInIndex = 1; lastKnownFileType = text.xcconfig; name = Pods.release.xcconfig; path = "Pods/Target Support Files/Pods/Pods.release.xcconfig"; sourceTree = "<group>"; };
		4732BF334FDCC8D48BD0E6B2 /* Pods.debug.xcconfig */ = {isa = PBXFileReference; includeInIndex = 1; lastKnownFileType = text.xcconfig; name = Pods.debug.xcconfig; path = "Pods/Target Support Files/Pods/Pods.debug.xcconfig"; sourceTree = "<group>"; };
		AA00CA87171362AF00A02E5F /* en */ = {isa = PBXFileReference; lastKnownFileType = file.storyboard; name = en; path = en.lproj/MainStoryboard_iPhone.storyboard; sourceTree = "<group>"; };
		AA00CA8B171362D100A02E5F /* en */ = {isa = PBXFileReference; lastKnownFileType = file.storyboard; name = en; path = en.lproj/MainStoryboard_iPad.storyboard; sourceTree = "<group>"; };
		AA041CFA181422D7002019FF /* Images.xcassets */ = {isa = PBXFileReference; lastKnownFileType = folder.assetcatalog; path = Images.xcassets; sourceTree = "<group>"; };
		AA08625317AAF9FD001108D7 /* TVHUICustomTabBarController.h */ = {isa = PBXFileReference; fileEncoding = 4; lastKnownFileType = sourcecode.c.h; path = TVHUICustomTabBarController.h; sourceTree = "<group>"; };
		AA08625417AAF9FD001108D7 /* TVHUICustomTabBarController.m */ = {isa = PBXFileReference; fileEncoding = 4; lastKnownFileType = sourcecode.c.objc; path = TVHUICustomTabBarController.m; sourceTree = "<group>"; };
		AA08B24517838197000B0E2E /* UIView+ClosestParent.h */ = {isa = PBXFileReference; fileEncoding = 4; lastKnownFileType = sourcecode.c.h; path = "UIView+ClosestParent.h"; sourceTree = "<group>"; };
		AA08B24617838197000B0E2E /* UIView+ClosestParent.m */ = {isa = PBXFileReference; fileEncoding = 4; lastKnownFileType = sourcecode.c.objc; path = "UIView+ClosestParent.m"; sourceTree = "<group>"; };
		AA0BE35E17A1DFBF00D33B7A /* TVHProgressBar.h */ = {isa = PBXFileReference; fileEncoding = 4; lastKnownFileType = sourcecode.c.h; path = TVHProgressBar.h; sourceTree = "<group>"; };
		AA0BE35F17A1DFBF00D33B7A /* TVHProgressBar.m */ = {isa = PBXFileReference; fileEncoding = 4; lastKnownFileType = sourcecode.c.objc; path = TVHProgressBar.m; sourceTree = "<group>"; };
		AA132E9B16D91EDC0074FAB8 /* TVHUICustomTabBar.h */ = {isa = PBXFileReference; fileEncoding = 4; lastKnownFileType = sourcecode.c.h; path = TVHUICustomTabBar.h; sourceTree = "<group>"; };
		AA132E9C16D91EDC0074FAB8 /* TVHUICustomTabBar.m */ = {isa = PBXFileReference; fileEncoding = 4; lastKnownFileType = sourcecode.c.objc; path = TVHUICustomTabBar.m; sourceTree = "<group>"; };
		AA132EB916D9594B0074FAB8 /* TVHUICustomNavigationBar.h */ = {isa = PBXFileReference; fileEncoding = 4; lastKnownFileType = sourcecode.c.h; path = TVHUICustomNavigationBar.h; sourceTree = "<group>"; };
		AA132EBA16D9594B0074FAB8 /* TVHUICustomNavigationBar.m */ = {isa = PBXFileReference; fileEncoding = 4; lastKnownFileType = sourcecode.c.objc; path = TVHUICustomNavigationBar.m; sourceTree = "<group>"; };
		AA21878616E7F6D9005D95EF /* NSString+FileSize.h */ = {isa = PBXFileReference; fileEncoding = 4; lastKnownFileType = sourcecode.c.h; path = "NSString+FileSize.h"; sourceTree = "<group>"; };
		AA21878716E7F6D9005D95EF /* NSString+FileSize.m */ = {isa = PBXFileReference; fileEncoding = 4; lastKnownFileType = sourcecode.c.objc; path = "NSString+FileSize.m"; sourceTree = "<group>"; };
		AA21F11416C7F6A10041C505 /* TVHChannelStoreProgramsViewController.h */ = {isa = PBXFileReference; fileEncoding = 4; lastKnownFileType = sourcecode.c.h; path = TVHChannelStoreProgramsViewController.h; sourceTree = "<group>"; };
		AA21F11516C7F6A10041C505 /* TVHChannelStoreProgramsViewController.m */ = {isa = PBXFileReference; fileEncoding = 4; lastKnownFileType = sourcecode.c.objc; path = TVHChannelStoreProgramsViewController.m; sourceTree = "<group>"; };
		AA28BA4616E6A1290029A723 /* TVHPlayStreamHelpController.h */ = {isa = PBXFileReference; fileEncoding = 4; lastKnownFileType = sourcecode.c.h; path = TVHPlayStreamHelpController.h; sourceTree = "<group>"; };
		AA28BA4716E6A1290029A723 /* TVHPlayStreamHelpController.m */ = {isa = PBXFileReference; fileEncoding = 4; lastKnownFileType = sourcecode.c.objc; path = TVHPlayStreamHelpController.m; sourceTree = "<group>"; };
		AA2C7DED19BCB6A3001EDC67 /* libsqlite3.0.dylib */ = {isa = PBXFileReference; lastKnownFileType = "compiled.mach-o.dylib"; name = libsqlite3.0.dylib; path = usr/lib/libsqlite3.0.dylib; sourceTree = SDKROOT; };
		AA2C7E2219BCC298001EDC67 /* de */ = {isa = PBXFileReference; lastKnownFileType = text.plist.strings; name = de; path = de.lproj/Localizable.strings; sourceTree = "<group>"; };
		AA2C7E2E19BCDA40001EDC67 /* GoogleCast.framework */ = {isa = PBXFileReference; lastKnownFileType = wrapper.framework; name = GoogleCast.framework; path = "tvheadend-ios-lib/vendor/GoogleCast.framework"; sourceTree = "<group>"; };
		AA2C7E3019BCDA94001EDC67 /* MediaAccessibility.framework */ = {isa = PBXFileReference; lastKnownFileType = wrapper.framework; name = MediaAccessibility.framework; path = System/Library/Frameworks/MediaAccessibility.framework; sourceTree = SDKROOT; };
		AA3721C116FBF18500C21F09 /* about.html */ = {isa = PBXFileReference; fileEncoding = 4; lastKnownFileType = text.html; path = about.html; sourceTree = "<group>"; };
		AA3721C316FBF19100C21F09 /* licenses.html */ = {isa = PBXFileReference; fileEncoding = 4; lastKnownFileType = text.html; path = licenses.html; sourceTree = "<group>"; };
		AA3EE6F7172B008100AD60F5 /* CoreData.framework */ = {isa = PBXFileReference; lastKnownFileType = wrapper.framework; name = CoreData.framework; path = System/Library/Frameworks/CoreData.framework; sourceTree = SDKROOT; };
		AA407E2E16D1A0EE00451E6F /* en */ = {isa = PBXFileReference; fileEncoding = 10; lastKnownFileType = text.plist.strings; name = en; path = en.lproj/Localizable.strings; sourceTree = "<group>"; };
		AA407E3016D1A10400451E6F /* pt */ = {isa = PBXFileReference; lastKnownFileType = text.plist.strings; name = pt; path = pt.lproj/Localizable.strings; sourceTree = "<group>"; };
		AA407E3116D1A10400451E6F /* pt-PT */ = {isa = PBXFileReference; lastKnownFileType = text.plist.strings; name = "pt-PT"; path = "pt-PT.lproj/Localizable.strings"; sourceTree = "<group>"; };
		AA407E3F16D1CE5600451E6F /* TVHStatusSubscriptionsViewController.h */ = {isa = PBXFileReference; fileEncoding = 4; lastKnownFileType = sourcecode.c.h; path = TVHStatusSubscriptionsViewController.h; sourceTree = "<group>"; };
		AA407E4016D1CE5600451E6F /* TVHStatusSubscriptionsViewController.m */ = {isa = PBXFileReference; fileEncoding = 4; lastKnownFileType = sourcecode.c.objc; path = TVHStatusSubscriptionsViewController.m; sourceTree = "<group>"; };
		AA424AF216F6797A00D20F12 /* TVHSettingsViewController.h */ = {isa = PBXFileReference; fileEncoding = 4; lastKnownFileType = sourcecode.c.h; path = TVHSettingsViewController.h; sourceTree = "<group>"; };
		AA424AF316F6797B00D20F12 /* TVHSettingsViewController.m */ = {isa = PBXFileReference; fileEncoding = 4; lastKnownFileType = sourcecode.c.objc; path = TVHSettingsViewController.m; sourceTree = "<group>"; };
		AA43D46F16CEFC5400104BBF /* QuartzCore.framework */ = {isa = PBXFileReference; lastKnownFileType = wrapper.framework; name = QuartzCore.framework; path = System/Library/Frameworks/QuartzCore.framework; sourceTree = SDKROOT; };
		AA43D49C16CF167300104BBF /* TvhClientTests.xctest */ = {isa = PBXFileReference; explicitFileType = wrapper.cfbundle; includeInIndex = 0; path = TvhClientTests.xctest; sourceTree = BUILT_PRODUCTS_DIR; };
		AA43D4A316CF167300104BBF /* TvhClientTests-Info.plist */ = {isa = PBXFileReference; lastKnownFileType = text.plist.xml; path = "TvhClientTests-Info.plist"; sourceTree = "<group>"; };
		AA43D4A516CF167300104BBF /* en */ = {isa = PBXFileReference; lastKnownFileType = text.plist.strings; name = en; path = en.lproj/InfoPlist.strings; sourceTree = "<group>"; };
		AA43D4A716CF167300104BBF /* TvhClientTests.h */ = {isa = PBXFileReference; lastKnownFileType = sourcecode.c.h; path = TvhClientTests.h; sourceTree = "<group>"; };
		AA43D4A816CF167300104BBF /* TvhClientTests.m */ = {isa = PBXFileReference; lastKnownFileType = sourcecode.c.objc; path = TvhClientTests.m; sourceTree = "<group>"; };
		AA43D4AA16CF167300104BBF /* TvhClientTests-Prefix.pch */ = {isa = PBXFileReference; lastKnownFileType = sourcecode.c.h; path = "TvhClientTests-Prefix.pch"; sourceTree = "<group>"; };
		AA61999C1A18D03300D9374D /* VLCExternalDisplayController.h */ = {isa = PBXFileReference; fileEncoding = 4; lastKnownFileType = sourcecode.c.h; name = VLCExternalDisplayController.h; path = vlc/VLCExternalDisplayController.h; sourceTree = "<group>"; };
		AA61999D1A18D03300D9374D /* VLCExternalDisplayController.m */ = {isa = PBXFileReference; fileEncoding = 4; lastKnownFileType = sourcecode.c.objc; name = VLCExternalDisplayController.m; path = vlc/VLCExternalDisplayController.m; sourceTree = "<group>"; };
		AA61999E1A18D03300D9374D /* VLCMovieViewController.h */ = {isa = PBXFileReference; fileEncoding = 4; lastKnownFileType = sourcecode.c.h; name = VLCMovieViewController.h; path = vlc/VLCMovieViewController.h; sourceTree = "<group>"; };
		AA61999F1A18D03300D9374D /* VLCMovieViewController.m */ = {isa = PBXFileReference; fileEncoding = 4; lastKnownFileType = sourcecode.c.objc; name = VLCMovieViewController.m; path = vlc/VLCMovieViewController.m; sourceTree = "<group>"; };
		AA6199A41A18E82300D9374D /* VLCFrostedGlasView.h */ = {isa = PBXFileReference; fileEncoding = 4; lastKnownFileType = sourcecode.c.h; name = VLCFrostedGlasView.h; path = vlc/VLCFrostedGlasView.h; sourceTree = "<group>"; };
		AA6199A51A18E82300D9374D /* VLCFrostedGlasView.m */ = {isa = PBXFileReference; fileEncoding = 4; lastKnownFileType = sourcecode.c.objc; name = VLCFrostedGlasView.m; path = vlc/VLCFrostedGlasView.m; sourceTree = "<group>"; };
		AA6199AA1A18EAB400D9374D /* OBSlider.h */ = {isa = PBXFileReference; fileEncoding = 4; lastKnownFileType = sourcecode.c.h; name = OBSlider.h; path = vlc/OBSlider.h; sourceTree = "<group>"; };
		AA6199AB1A18EAB400D9374D /* OBSlider.m */ = {isa = PBXFileReference; fileEncoding = 4; lastKnownFileType = sourcecode.c.objc; name = OBSlider.m; path = vlc/OBSlider.m; sourceTree = "<group>"; };
		AA6199AD1A18EACC00D9374D /* VLCStatusLabel.h */ = {isa = PBXFileReference; fileEncoding = 4; lastKnownFileType = sourcecode.c.h; name = VLCStatusLabel.h; path = vlc/VLCStatusLabel.h; sourceTree = "<group>"; };
		AA6199AE1A18EACC00D9374D /* VLCStatusLabel.m */ = {isa = PBXFileReference; fileEncoding = 4; lastKnownFileType = sourcecode.c.objc; name = VLCStatusLabel.m; path = vlc/VLCStatusLabel.m; sourceTree = "<group>"; };
		AA6199B01A18EBD800D9374D /* UIColor+Presets.h */ = {isa = PBXFileReference; fileEncoding = 4; lastKnownFileType = sourcecode.c.h; name = "UIColor+Presets.h"; path = "vlc/UIColor+Presets.h"; sourceTree = "<group>"; };
		AA6199B11A18EBD800D9374D /* UIColor+Presets.m */ = {isa = PBXFileReference; fileEncoding = 4; lastKnownFileType = sourcecode.c.objc; name = "UIColor+Presets.m"; path = "vlc/UIColor+Presets.m"; sourceTree = "<group>"; };
		AA6199B31A18ECAE00D9374D /* VLCConstants.h */ = {isa = PBXFileReference; lastKnownFileType = sourcecode.c.h; name = VLCConstants.h; path = vlc/VLCConstants.h; sourceTree = "<group>"; };
		AA6199D41A18FC3700D9374D /* VLCMovieViewController~ipad.xib */ = {isa = PBXFileReference; fileEncoding = 4; lastKnownFileType = file.xib; name = "VLCMovieViewController~ipad.xib"; path = "vlc/VLCMovieViewController~ipad.xib"; sourceTree = "<group>"; };
		AA6199D81A1903F000D9374D /* VLCSlider.h */ = {isa = PBXFileReference; fileEncoding = 4; lastKnownFileType = sourcecode.c.h; name = VLCSlider.h; path = vlc/VLCSlider.h; sourceTree = "<group>"; };
		AA6199D91A1903F000D9374D /* VLCSlider.m */ = {isa = PBXFileReference; fileEncoding = 4; lastKnownFileType = sourcecode.c.objc; name = VLCSlider.m; path = vlc/VLCSlider.m; sourceTree = "<group>"; };
		AA6542211706196800BA20C1 /* TVHShowNotice.h */ = {isa = PBXFileReference; fileEncoding = 4; lastKnownFileType = sourcecode.c.h; path = TVHShowNotice.h; sourceTree = "<group>"; };
		AA6542221706196800BA20C1 /* TVHShowNotice.m */ = {isa = PBXFileReference; fileEncoding = 4; lastKnownFileType = sourcecode.c.objc; path = TVHShowNotice.m; sourceTree = "<group>"; };
		AA6ADF84181F2A42000DC39A /* TVHSettingsWebControllerViewController.h */ = {isa = PBXFileReference; fileEncoding = 4; lastKnownFileType = sourcecode.c.h; path = TVHSettingsWebControllerViewController.h; sourceTree = "<group>"; };
		AA6ADF85181F2A42000DC39A /* TVHSettingsWebControllerViewController.m */ = {isa = PBXFileReference; fileEncoding = 4; lastKnownFileType = sourcecode.c.objc; path = TVHSettingsWebControllerViewController.m; sourceTree = "<group>"; };
		AA779C9E170CD70400B7DDB4 /* TVHApiKeys.h */ = {isa = PBXFileReference; fileEncoding = 4; lastKnownFileType = sourcecode.c.h; path = TVHApiKeys.h; sourceTree = "<group>"; };
		AA7C3FCD16C6CC810057E4C4 /* TVHSettings.h */ = {isa = PBXFileReference; fileEncoding = 4; lastKnownFileType = sourcecode.c.h; path = TVHSettings.h; sourceTree = "<group>"; };
		AA7C3FCE16C6CC810057E4C4 /* TVHSettings.m */ = {isa = PBXFileReference; fileEncoding = 4; lastKnownFileType = sourcecode.c.objc; path = TVHSettings.m; sourceTree = "<group>"; };
		AA845E3617E90309002D1CB5 /* TVHStatusBar.h */ = {isa = PBXFileReference; fileEncoding = 4; lastKnownFileType = sourcecode.c.h; path = TVHStatusBar.h; sourceTree = "<group>"; };
		AA845E3717E90309002D1CB5 /* TVHStatusBar.m */ = {isa = PBXFileReference; fileEncoding = 4; lastKnownFileType = sourcecode.c.objc; path = TVHStatusBar.m; sourceTree = "<group>"; };
		AA8CDBDE1819CC090025C39F /* TVHAnalytics.h */ = {isa = PBXFileReference; fileEncoding = 4; lastKnownFileType = sourcecode.c.h; path = TVHAnalytics.h; sourceTree = "<group>"; };
		AA8CDBDF1819CC090025C39F /* TVHAnalytics.m */ = {isa = PBXFileReference; fileEncoding = 4; lastKnownFileType = sourcecode.c.objc; path = TVHAnalytics.m; sourceTree = "<group>"; };
		AA8DC11A16E1762E00F93BD7 /* TVHRecordingsDetailViewController.h */ = {isa = PBXFileReference; fileEncoding = 4; lastKnownFileType = sourcecode.c.h; path = TVHRecordingsDetailViewController.h; sourceTree = "<group>"; };
		AA8DC11B16E1762E00F93BD7 /* TVHRecordingsDetailViewController.m */ = {isa = PBXFileReference; fileEncoding = 4; lastKnownFileType = sourcecode.c.objc; path = TVHRecordingsDetailViewController.m; sourceTree = "<group>"; };
		AA8DECFC16DEBFAE00AF6A51 /* TVHRecordingsViewController.h */ = {isa = PBXFileReference; fileEncoding = 4; lastKnownFileType = sourcecode.c.h; path = TVHRecordingsViewController.h; sourceTree = "<group>"; };
		AA8DECFD16DEBFAE00AF6A51 /* TVHRecordingsViewController.m */ = {isa = PBXFileReference; fileEncoding = 4; lastKnownFileType = sourcecode.c.objc; path = TVHRecordingsViewController.m; sourceTree = "<group>"; };
		AA8DED2316DEDFB300AF6A51 /* ImageIO.framework */ = {isa = PBXFileReference; lastKnownFileType = wrapper.framework; name = ImageIO.framework; path = System/Library/Frameworks/ImageIO.framework; sourceTree = SDKROOT; };
		AA8EA97E1751413A008B3703 /* TVHJASidePanelController.h */ = {isa = PBXFileReference; fileEncoding = 4; lastKnownFileType = sourcecode.c.h; path = TVHJASidePanelController.h; sourceTree = "<group>"; };
		AA8EA97F1751413A008B3703 /* TVHJASidePanelController.m */ = {isa = PBXFileReference; fileEncoding = 4; lastKnownFileType = sourcecode.c.objc; path = TVHJASidePanelController.m; sourceTree = "<group>"; };
		AA91023216C6B6F800673DF5 /* MobileCoreServices.framework */ = {isa = PBXFileReference; lastKnownFileType = wrapper.framework; name = MobileCoreServices.framework; path = System/Library/Frameworks/MobileCoreServices.framework; sourceTree = SDKROOT; };
		AA91023416C6B72500673DF5 /* SystemConfiguration.framework */ = {isa = PBXFileReference; lastKnownFileType = wrapper.framework; name = SystemConfiguration.framework; path = System/Library/Frameworks/SystemConfiguration.framework; sourceTree = SDKROOT; };
		AA97AA5C17065B540068702E /* Security.framework */ = {isa = PBXFileReference; lastKnownFileType = wrapper.framework; name = Security.framework; path = System/Library/Frameworks/Security.framework; sourceTree = SDKROOT; };
		AA99BC5D16ED54290087060A /* TVHEpgTableViewController.h */ = {isa = PBXFileReference; fileEncoding = 4; lastKnownFileType = sourcecode.c.h; path = TVHEpgTableViewController.h; sourceTree = "<group>"; };
		AA99BC5E16ED54290087060A /* TVHEpgTableViewController.m */ = {isa = PBXFileReference; fileEncoding = 4; lastKnownFileType = sourcecode.c.objc; path = TVHEpgTableViewController.m; sourceTree = "<group>"; };
		AA9BD3CB175B953700670C76 /* AdSupport.framework */ = {isa = PBXFileReference; lastKnownFileType = wrapper.framework; name = AdSupport.framework; path = System/Library/Frameworks/AdSupport.framework; sourceTree = SDKROOT; };
		AA9E76DF181DD48500E5A0D4 /* TVHWebLogViewController.h */ = {isa = PBXFileReference; fileEncoding = 4; lastKnownFileType = sourcecode.c.h; path = TVHWebLogViewController.h; sourceTree = "<group>"; };
		AA9E76E0181DD48500E5A0D4 /* TVHWebLogViewController.m */ = {isa = PBXFileReference; fileEncoding = 4; lastKnownFileType = sourcecode.c.objc; path = TVHWebLogViewController.m; sourceTree = "<group>"; };
		AAA40AC41A0C35FE005D94E1 /* TVHButton.h */ = {isa = PBXFileReference; fileEncoding = 4; lastKnownFileType = sourcecode.c.h; path = TVHButton.h; sourceTree = "<group>"; };
		AAA40AC51A0C35FE005D94E1 /* TVHButton.m */ = {isa = PBXFileReference; fileEncoding = 4; lastKnownFileType = sourcecode.c.objc; path = TVHButton.m; sourceTree = "<group>"; };
		AAAC5AC51748FDC4006B093E /* TVHStatusSplitViewController.h */ = {isa = PBXFileReference; fileEncoding = 4; lastKnownFileType = sourcecode.c.h; path = TVHStatusSplitViewController.h; sourceTree = "<group>"; };
		AAAC5AC61748FDC4006B093E /* TVHStatusSplitViewController.m */ = {isa = PBXFileReference; fileEncoding = 4; lastKnownFileType = sourcecode.c.objc; path = TVHStatusSplitViewController.m; sourceTree = "<group>"; };
		AAB229211A1C108A00842EC2 /* VLCMovieViewController~iphone.xib */ = {isa = PBXFileReference; fileEncoding = 4; lastKnownFileType = file.xib; name = "VLCMovieViewController~iphone.xib"; path = "vlc/VLCMovieViewController~iphone.xib"; sourceTree = "<group>"; };
		AAB33132179A0AD4001630DC /* MediaPlayer.framework */ = {isa = PBXFileReference; lastKnownFileType = wrapper.framework; name = MediaPlayer.framework; path = System/Library/Frameworks/MediaPlayer.framework; sourceTree = SDKROOT; };
		AAB33134179A0B66001630DC /* TVHNativeMoviePlayerViewController.h */ = {isa = PBXFileReference; fileEncoding = 4; lastKnownFileType = sourcecode.c.h; path = TVHNativeMoviePlayerViewController.h; sourceTree = "<group>"; };
		AAB33135179A0B66001630DC /* TVHNativeMoviePlayerViewController.m */ = {isa = PBXFileReference; fileEncoding = 4; lastKnownFileType = sourcecode.c.objc; path = TVHNativeMoviePlayerViewController.m; sourceTree = "<group>"; };
		AAB399F016BDB21900973F88 /* TvhClient.app */ = {isa = PBXFileReference; explicitFileType = wrapper.application; includeInIndex = 0; path = TvhClient.app; sourceTree = BUILT_PRODUCTS_DIR; };
		AAB399F316BDB21900973F88 /* UIKit.framework */ = {isa = PBXFileReference; lastKnownFileType = wrapper.framework; name = UIKit.framework; path = System/Library/Frameworks/UIKit.framework; sourceTree = SDKROOT; };
		AAB399F516BDB21900973F88 /* Foundation.framework */ = {isa = PBXFileReference; lastKnownFileType = wrapper.framework; name = Foundation.framework; path = System/Library/Frameworks/Foundation.framework; sourceTree = SDKROOT; };
		AAB399F716BDB21900973F88 /* CoreGraphics.framework */ = {isa = PBXFileReference; lastKnownFileType = wrapper.framework; name = CoreGraphics.framework; path = System/Library/Frameworks/CoreGraphics.framework; sourceTree = SDKROOT; };
		AAB399FB16BDB21900973F88 /* TvhClient-Info.plist */ = {isa = PBXFileReference; lastKnownFileType = text.plist.xml; path = "TvhClient-Info.plist"; sourceTree = "<group>"; };
		AAB399FD16BDB21900973F88 /* en */ = {isa = PBXFileReference; lastKnownFileType = text.plist.strings; name = en; path = en.lproj/InfoPlist.strings; sourceTree = "<group>"; };
		AAB399FF16BDB21900973F88 /* main.m */ = {isa = PBXFileReference; lastKnownFileType = sourcecode.c.objc; path = main.m; sourceTree = "<group>"; };
		AAB39A0116BDB21900973F88 /* TvhClient-Prefix.pch */ = {isa = PBXFileReference; lastKnownFileType = sourcecode.c.h; path = "TvhClient-Prefix.pch"; sourceTree = "<group>"; };
		AAB39A0216BDB21900973F88 /* TVHAppDelegate.h */ = {isa = PBXFileReference; lastKnownFileType = sourcecode.c.h; path = TVHAppDelegate.h; sourceTree = "<group>"; };
		AAB39A0316BDB21900973F88 /* TVHAppDelegate.m */ = {isa = PBXFileReference; lastKnownFileType = sourcecode.c.objc; path = TVHAppDelegate.m; sourceTree = "<group>"; };
		AAB39A1916BDB29C00973F88 /* TVHChannelStoreViewController.h */ = {isa = PBXFileReference; fileEncoding = 4; lastKnownFileType = sourcecode.c.h; path = TVHChannelStoreViewController.h; sourceTree = "<group>"; };
		AAB39A1A16BDB29C00973F88 /* TVHChannelStoreViewController.m */ = {isa = PBXFileReference; fileEncoding = 4; lastKnownFileType = sourcecode.c.objc; path = TVHChannelStoreViewController.m; sourceTree = "<group>"; };
		AABCEFB3182EF9F400549ADF /* TVHServicesViewController.h */ = {isa = PBXFileReference; fileEncoding = 4; lastKnownFileType = sourcecode.c.h; path = TVHServicesViewController.h; sourceTree = "<group>"; };
		AABCEFB4182EF9F400549ADF /* TVHServicesViewController.m */ = {isa = PBXFileReference; fileEncoding = 4; lastKnownFileType = sourcecode.c.objc; path = TVHServicesViewController.m; sourceTree = "<group>"; };
		AABE682816EBB0FE003E8F92 /* TVHDebugLogViewController.h */ = {isa = PBXFileReference; fileEncoding = 4; lastKnownFileType = sourcecode.c.h; path = TVHDebugLogViewController.h; sourceTree = "<group>"; };
		AABE682916EBB0FE003E8F92 /* TVHDebugLogViewController.m */ = {isa = PBXFileReference; fileEncoding = 4; lastKnownFileType = sourcecode.c.objc; path = TVHDebugLogViewController.m; sourceTree = "<group>"; };
		AABF3954185E157E00E62240 /* TVHModelAnalytics.h */ = {isa = PBXFileReference; fileEncoding = 4; lastKnownFileType = sourcecode.c.h; path = TVHModelAnalytics.h; sourceTree = "<group>"; };
		AABF3955185E157E00E62240 /* TVHModelAnalytics.m */ = {isa = PBXFileReference; fileEncoding = 4; lastKnownFileType = sourcecode.c.objc; path = TVHModelAnalytics.m; sourceTree = "<group>"; };
		AABF3B8A185E62B600E62240 /* tvheadend-ios-lib.xcodeproj */ = {isa = PBXFileReference; lastKnownFileType = "wrapper.pb-project"; name = "tvheadend-ios-lib.xcodeproj"; path = "tvheadend-ios-lib/tvheadend-ios-lib.xcodeproj"; sourceTree = SOURCE_ROOT; };
		AABF3B97185E655B00E62240 /* AFHTTPRequestOperationLogger.h */ = {isa = PBXFileReference; fileEncoding = 4; lastKnownFileType = sourcecode.c.h; name = AFHTTPRequestOperationLogger.h; path = vendor/AFHTTPRequestOperationLogger/AFHTTPRequestOperationLogger.h; sourceTree = SOURCE_ROOT; };
		AABF3B98185E655B00E62240 /* AFHTTPRequestOperationLogger.m */ = {isa = PBXFileReference; fileEncoding = 4; lastKnownFileType = sourcecode.c.objc; name = AFHTTPRequestOperationLogger.m; path = vendor/AFHTTPRequestOperationLogger/AFHTTPRequestOperationLogger.m; sourceTree = SOURCE_ROOT; };
		AABF3BB8185E66CA00E62240 /* libz.dylib */ = {isa = PBXFileReference; lastKnownFileType = "compiled.mach-o.dylib"; name = libz.dylib; path = usr/lib/libz.dylib; sourceTree = SDKROOT; };
		AABF3C03185E6E6600E62240 /* TVHImageCache.h */ = {isa = PBXFileReference; fileEncoding = 4; lastKnownFileType = sourcecode.c.h; path = TVHImageCache.h; sourceTree = "<group>"; };
		AABF3C04185E6E6600E62240 /* TVHImageCache.m */ = {isa = PBXFileReference; fileEncoding = 4; lastKnownFileType = sourcecode.c.objc; path = TVHImageCache.m; sourceTree = "<group>"; };
		AAC468501A225503000E3E73 /* es */ = {isa = PBXFileReference; lastKnownFileType = text.plist.strings; name = es; path = es.lproj/Localizable.strings; sourceTree = "<group>"; };
		AAC468511A225585000E3E73 /* es-MX */ = {isa = PBXFileReference; lastKnownFileType = text.plist.strings; name = "es-MX"; path = "es-MX.lproj/Localizable.strings"; sourceTree = "<group>"; };
		AAC468521A2255EF000E3E73 /* it */ = {isa = PBXFileReference; lastKnownFileType = text.plist.strings; name = it; path = it.lproj/Localizable.strings; sourceTree = "<group>"; };
		AAC468531A22662E000E3E73 /* UIDevice+SpeedCategory.h */ = {isa = PBXFileReference; fileEncoding = 4; lastKnownFileType = sourcecode.c.h; name = "UIDevice+SpeedCategory.h"; path = "vlc/UIDevice+SpeedCategory.h"; sourceTree = "<group>"; };
		AAC468541A22662E000E3E73 /* UIDevice+SpeedCategory.m */ = {isa = PBXFileReference; fileEncoding = 4; lastKnownFileType = sourcecode.c.objc; name = "UIDevice+SpeedCategory.m"; path = "vlc/UIDevice+SpeedCategory.m"; sourceTree = "<group>"; };
		AAC59D5A17A09821005F07B3 /* IAPHelper.h */ = {isa = PBXFileReference; fileEncoding = 4; lastKnownFileType = sourcecode.c.h; path = IAPHelper.h; sourceTree = "<group>"; };
		AAC59D5B17A09821005F07B3 /* IAPHelper.m */ = {isa = PBXFileReference; fileEncoding = 4; lastKnownFileType = sourcecode.c.objc; path = IAPHelper.m; sourceTree = "<group>"; };
		AAC59D5C17A09821005F07B3 /* TVHIAPHelper.h */ = {isa = PBXFileReference; fileEncoding = 4; lastKnownFileType = sourcecode.c.h; path = TVHIAPHelper.h; sourceTree = "<group>"; };
		AAC59D5D17A09821005F07B3 /* TVHIAPHelper.m */ = {isa = PBXFileReference; fileEncoding = 4; lastKnownFileType = sourcecode.c.objc; path = TVHIAPHelper.m; sourceTree = "<group>"; };
		AAC59D5E17A09821005F07B3 /* TVHSupportMeViewController.h */ = {isa = PBXFileReference; fileEncoding = 4; lastKnownFileType = sourcecode.c.h; path = TVHSupportMeViewController.h; sourceTree = "<group>"; };
		AAC59D5F17A09821005F07B3 /* TVHSupportMeViewController.m */ = {isa = PBXFileReference; fileEncoding = 4; lastKnownFileType = sourcecode.c.objc; path = TVHSupportMeViewController.m; sourceTree = "<group>"; };
		AAC59D6417A09A1E005F07B3 /* StoreKit.framework */ = {isa = PBXFileReference; lastKnownFileType = wrapper.framework; name = StoreKit.framework; path = System/Library/Frameworks/StoreKit.framework; sourceTree = SDKROOT; };
		AAC8426C172F11A5004BAB24 /* TVHChannelSplitViewController.h */ = {isa = PBXFileReference; fileEncoding = 4; lastKnownFileType = sourcecode.c.h; path = TVHChannelSplitViewController.h; sourceTree = "<group>"; };
		AAC8426D172F11A5004BAB24 /* TVHChannelSplitViewController.m */ = {isa = PBXFileReference; fileEncoding = 4; lastKnownFileType = sourcecode.c.objc; path = TVHChannelSplitViewController.m; sourceTree = "<group>"; };
		AAE1EAC9170B6A4A006DE2BE /* CoreText.framework */ = {isa = PBXFileReference; lastKnownFileType = wrapper.framework; name = CoreText.framework; path = System/Library/Frameworks/CoreText.framework; sourceTree = SDKROOT; };
		AAE5273C16F28FEF002047E4 /* TVHAutoRecDetailViewController.h */ = {isa = PBXFileReference; fileEncoding = 4; lastKnownFileType = sourcecode.c.h; path = TVHAutoRecDetailViewController.h; sourceTree = "<group>"; };
		AAE5273D16F28FEF002047E4 /* TVHAutoRecDetailViewController.m */ = {isa = PBXFileReference; fileEncoding = 4; lastKnownFileType = sourcecode.c.objc; path = TVHAutoRecDetailViewController.m; sourceTree = "<group>"; };
		AAE7B797170781AB0052E6F3 /* CFNetwork.framework */ = {isa = PBXFileReference; lastKnownFileType = wrapper.framework; name = CFNetwork.framework; path = System/Library/Frameworks/CFNetwork.framework; sourceTree = SDKROOT; };
		AAF0536E18245FA0008B1A0A /* TVHDebugLytics.h */ = {isa = PBXFileReference; fileEncoding = 4; lastKnownFileType = sourcecode.c.h; path = TVHDebugLytics.h; sourceTree = "<group>"; };
		AAF0536F18245FA0008B1A0A /* TVHDebugLytics.m */ = {isa = PBXFileReference; fileEncoding = 4; lastKnownFileType = sourcecode.c.objc; path = TVHDebugLytics.m; sourceTree = "<group>"; };
		AAF2648017441EC2006C96CE /* TVHMainSlidePanelViewController.h */ = {isa = PBXFileReference; fileEncoding = 4; lastKnownFileType = sourcecode.c.h; path = TVHMainSlidePanelViewController.h; sourceTree = "<group>"; };
		AAF2648117441EC2006C96CE /* TVHMainSlidePanelViewController.m */ = {isa = PBXFileReference; fileEncoding = 4; lastKnownFileType = sourcecode.c.objc; path = TVHMainSlidePanelViewController.m; sourceTree = "<group>"; };
		AAF264831744200F006C96CE /* TVHRecordingsSplitViewController.h */ = {isa = PBXFileReference; fileEncoding = 4; lastKnownFileType = sourcecode.c.h; path = TVHRecordingsSplitViewController.h; sourceTree = "<group>"; };
		AAF2648417442010006C96CE /* TVHRecordingsSplitViewController.m */ = {isa = PBXFileReference; fileEncoding = 4; lastKnownFileType = sourcecode.c.objc; path = TVHRecordingsSplitViewController.m; sourceTree = "<group>"; };
		AAF2648617442247006C96CE /* TVHLeftMainMenuViewController.h */ = {isa = PBXFileReference; fileEncoding = 4; lastKnownFileType = sourcecode.c.h; path = TVHLeftMainMenuViewController.h; sourceTree = "<group>"; };
		AAF2648717442247006C96CE /* TVHLeftMainMenuViewController.m */ = {isa = PBXFileReference; fileEncoding = 4; lastKnownFileType = sourcecode.c.objc; path = TVHLeftMainMenuViewController.m; sourceTree = "<group>"; };
		AAF54A1D16C7137B0076DF17 /* TVHTagStoreViewController.h */ = {isa = PBXFileReference; fileEncoding = 4; lastKnownFileType = sourcecode.c.h; path = TVHTagStoreViewController.h; sourceTree = "<group>"; };
		AAF54A1E16C7137B0076DF17 /* TVHTagStoreViewController.m */ = {isa = PBXFileReference; fileEncoding = 4; lastKnownFileType = sourcecode.c.objc; path = TVHTagStoreViewController.m; sourceTree = "<group>"; };
		AAF5FCAD17A844BD001E908B /* NSDate+Utilities.h */ = {isa = PBXFileReference; fileEncoding = 4; lastKnownFileType = sourcecode.c.h; path = "NSDate+Utilities.h"; sourceTree = "<group>"; };
		AAF5FCAE17A844BD001E908B /* NSDate+Utilities.m */ = {isa = PBXFileReference; fileEncoding = 4; lastKnownFileType = sourcecode.c.objc; path = "NSDate+Utilities.m"; sourceTree = "<group>"; };
		AAF5FCB317A85A49001E908B /* TVHAdapterMuxViewController.h */ = {isa = PBXFileReference; fileEncoding = 4; lastKnownFileType = sourcecode.c.h; path = TVHAdapterMuxViewController.h; sourceTree = "<group>"; };
		AAF5FCB417A85A49001E908B /* TVHAdapterMuxViewController.m */ = {isa = PBXFileReference; fileEncoding = 4; lastKnownFileType = sourcecode.c.objc; path = TVHAdapterMuxViewController.m; sourceTree = "<group>"; };
		AAFC2A0816FB34B500194DFF /* TVHSettingsServersViewController.h */ = {isa = PBXFileReference; fileEncoding = 4; lastKnownFileType = sourcecode.c.h; path = TVHSettingsServersViewController.h; sourceTree = "<group>"; };
		AAFC2A0916FB34B500194DFF /* TVHSettingsServersViewController.m */ = {isa = PBXFileReference; fileEncoding = 4; lastKnownFileType = sourcecode.c.objc; path = TVHSettingsServersViewController.m; sourceTree = "<group>"; };
		AAFCB6BF16C86EC800A64434 /* TVHProgramDetailViewController.h */ = {isa = PBXFileReference; fileEncoding = 4; lastKnownFileType = sourcecode.c.h; path = TVHProgramDetailViewController.h; sourceTree = "<group>"; };
		AAFCB6C016C86EC800A64434 /* TVHProgramDetailViewController.m */ = {isa = PBXFileReference; fileEncoding = 4; lastKnownFileType = sourcecode.c.objc; path = TVHProgramDetailViewController.m; sourceTree = "<group>"; };
		AAFD3630170106DA00448059 /* TVHSettingsGenericFieldViewController.h */ = {isa = PBXFileReference; fileEncoding = 4; lastKnownFileType = sourcecode.c.h; path = TVHSettingsGenericFieldViewController.h; sourceTree = "<group>"; };
		AAFD3631170106DA00448059 /* TVHSettingsGenericFieldViewController.m */ = {isa = PBXFileReference; fileEncoding = 4; lastKnownFileType = sourcecode.c.objc; path = TVHSettingsGenericFieldViewController.m; sourceTree = "<group>"; };
		AAFD36361701232000448059 /* TVHSettingsGenericTextViewController.h */ = {isa = PBXFileReference; fileEncoding = 4; lastKnownFileType = sourcecode.c.h; path = TVHSettingsGenericTextViewController.h; sourceTree = "<group>"; };
		AAFD36371701232000448059 /* TVHSettingsGenericTextViewController.m */ = {isa = PBXFileReference; fileEncoding = 4; lastKnownFileType = sourcecode.c.objc; path = TVHSettingsGenericTextViewController.m; sourceTree = "<group>"; };
		AAFDEC6217454CE80035D734 /* TVHSingletonServer.h */ = {isa = PBXFileReference; fileEncoding = 4; lastKnownFileType = sourcecode.c.h; path = TVHSingletonServer.h; sourceTree = "<group>"; };
		AAFDEC6317454CE80035D734 /* TVHSingletonServer.m */ = {isa = PBXFileReference; fileEncoding = 4; lastKnownFileType = sourcecode.c.objc; path = TVHSingletonServer.m; sourceTree = "<group>"; };
		E3AA44A636E6CB7CDFED665D /* libPods.a */ = {isa = PBXFileReference; explicitFileType = archive.ar; includeInIndex = 0; path = libPods.a; sourceTree = BUILT_PRODUCTS_DIR; };
/* End PBXFileReference section */

/* Begin PBXFrameworksBuildPhase section */
		AA43D49816CF167300104BBF /* Frameworks */ = {
			isa = PBXFrameworksBuildPhase;
			buildActionMask = 2147483647;
			files = (
				AA43D49F16CF167300104BBF /* UIKit.framework in Frameworks */,
				AA43D4A016CF167300104BBF /* Foundation.framework in Frameworks */,
			);
			runOnlyForDeploymentPostprocessing = 0;
		};
		AAB399ED16BDB21900973F88 /* Frameworks */ = {
			isa = PBXFrameworksBuildPhase;
			buildActionMask = 2147483647;
			files = (
				F0D376F11B166A7A008B234B /* MediaAccessibility.framework in Frameworks */,
				AAE1EACA170B6A4A006DE2BE /* CoreText.framework in Frameworks */,
				AA2C7E2F19BCDA40001EDC67 /* GoogleCast.framework in Frameworks */,
				AA2C7DEE19BCB6A3001EDC67 /* libsqlite3.0.dylib in Frameworks */,
				AABF3BBD185E6B2100E62240 /* libtvheadend-ios-lib.a in Frameworks */,
				AABF3BB9185E66CA00E62240 /* libz.dylib in Frameworks */,
				AAC59D6517A09A1E005F07B3 /* StoreKit.framework in Frameworks */,
				AAB33133179A0AD4001630DC /* MediaPlayer.framework in Frameworks */,
				AA3EE6F8172B008100AD60F5 /* CoreData.framework in Frameworks */,
				AA91023516C6B72500673DF5 /* SystemConfiguration.framework in Frameworks */,
				AAE7B798170781AB0052E6F3 /* CFNetwork.framework in Frameworks */,
				AA97AA5D17065B540068702E /* Security.framework in Frameworks */,
				AA8DED2416DEDFB300AF6A51 /* ImageIO.framework in Frameworks */,
				AA43D47016CEFC5500104BBF /* QuartzCore.framework in Frameworks */,
				AA91023316C6B6F800673DF5 /* MobileCoreServices.framework in Frameworks */,
				AAB399F416BDB21900973F88 /* UIKit.framework in Frameworks */,
				AAB399F616BDB21900973F88 /* Foundation.framework in Frameworks */,
				AAB399F816BDB21900973F88 /* CoreGraphics.framework in Frameworks */,
				DBB742A81FF29EF1F973782E /* libPods.a in Frameworks */,
			);
			runOnlyForDeploymentPostprocessing = 0;
		};
/* End PBXFrameworksBuildPhase section */

/* Begin PBXGroup section */
		AA132E9A16D91EA60074FAB8 /* View */ = {
			isa = PBXGroup;
			children = (
				AABF3C03185E6E6600E62240 /* TVHImageCache.h */,
				AABF3C04185E6E6600E62240 /* TVHImageCache.m */,
				AAB39A0B16BDB21900973F88 /* MainStoryboard_iPhone.storyboard */,
				AAB39A0E16BDB21900973F88 /* MainStoryboard_iPad.storyboard */,
				AA132E9B16D91EDC0074FAB8 /* TVHUICustomTabBar.h */,
				AA132E9C16D91EDC0074FAB8 /* TVHUICustomTabBar.m */,
				AA132EB916D9594B0074FAB8 /* TVHUICustomNavigationBar.h */,
				AA132EBA16D9594B0074FAB8 /* TVHUICustomNavigationBar.m */,
				AA407E2F16D1A0EE00451E6F /* Localizable.strings */,
				AA0BE35E17A1DFBF00D33B7A /* TVHProgressBar.h */,
				AA0BE35F17A1DFBF00D33B7A /* TVHProgressBar.m */,
				AA08625317AAF9FD001108D7 /* TVHUICustomTabBarController.h */,
				AA08625417AAF9FD001108D7 /* TVHUICustomTabBarController.m */,
				AA845E3617E90309002D1CB5 /* TVHStatusBar.h */,
				AA845E3717E90309002D1CB5 /* TVHStatusBar.m */,
				AAA40AC41A0C35FE005D94E1 /* TVHButton.h */,
				AAA40AC51A0C35FE005D94E1 /* TVHButton.m */,
			);
			name = View;
			sourceTree = "<group>";
		};
		AA1D426A16BEC1B700F42F7E /* Model */ = {
			isa = PBXGroup;
			children = (
				AABF3B8A185E62B600E62240 /* tvheadend-ios-lib.xcodeproj */,
				AABF3959185E168000E62240 /* Properties */,
				AABF3957185E163C00E62240 /* Analytics / Debugs */,
				AAFDEC6217454CE80035D734 /* TVHSingletonServer.h */,
				AAFDEC6317454CE80035D734 /* TVHSingletonServer.m */,
				AA7C3FCD16C6CC810057E4C4 /* TVHSettings.h */,
				AA7C3FCE16C6CC810057E4C4 /* TVHSettings.m */,
			);
			name = Model;
			sourceTree = "<group>";
		};
		AA3721C016FBF16F00C21F09 /* Files */ = {
			isa = PBXGroup;
			children = (
				AA3721C116FBF18500C21F09 /* about.html */,
				AA3721C316FBF19100C21F09 /* licenses.html */,
			);
			name = Files;
			sourceTree = "<group>";
		};
		AA424AF516F67CA900D20F12 /* Settings */ = {
			isa = PBXGroup;
			children = (
				AAC59D6317A09827005F07B3 /* Support Me */,
				AA3721C016FBF16F00C21F09 /* Files */,
				AA424AF216F6797A00D20F12 /* TVHSettingsViewController.h */,
				AA424AF316F6797B00D20F12 /* TVHSettingsViewController.m */,
				AAFC2A0816FB34B500194DFF /* TVHSettingsServersViewController.h */,
				AAFC2A0916FB34B500194DFF /* TVHSettingsServersViewController.m */,
				AAFD36361701232000448059 /* TVHSettingsGenericTextViewController.h */,
				AAFD36371701232000448059 /* TVHSettingsGenericTextViewController.m */,
				AAFD3630170106DA00448059 /* TVHSettingsGenericFieldViewController.h */,
				AAFD3631170106DA00448059 /* TVHSettingsGenericFieldViewController.m */,
				AA6ADF84181F2A42000DC39A /* TVHSettingsWebControllerViewController.h */,
				AA6ADF85181F2A42000DC39A /* TVHSettingsWebControllerViewController.m */,
			);
			name = Settings;
			sourceTree = "<group>";
		};
		AA43D4A116CF167300104BBF /* TvhClientTests */ = {
			isa = PBXGroup;
			children = (
				AA43D4A216CF167300104BBF /* Supporting Files */,
				AA43D4A716CF167300104BBF /* TvhClientTests.h */,
				AA43D4A816CF167300104BBF /* TvhClientTests.m */,
			);
			path = TvhClientTests;
			sourceTree = "<group>";
		};
		AA43D4A216CF167300104BBF /* Supporting Files */ = {
			isa = PBXGroup;
			children = (
				AA43D4A316CF167300104BBF /* TvhClientTests-Info.plist */,
				AA43D4A416CF167300104BBF /* InfoPlist.strings */,
				AA43D4AA16CF167300104BBF /* TvhClientTests-Prefix.pch */,
			);
			name = "Supporting Files";
			sourceTree = "<group>";
		};
		AA61999B1A18D01A00D9374D /* VLC */ = {
			isa = PBXGroup;
			children = (
				AAC468531A22662E000E3E73 /* UIDevice+SpeedCategory.h */,
				AAC468541A22662E000E3E73 /* UIDevice+SpeedCategory.m */,
				AA61999C1A18D03300D9374D /* VLCExternalDisplayController.h */,
				AA61999D1A18D03300D9374D /* VLCExternalDisplayController.m */,
				AA61999E1A18D03300D9374D /* VLCMovieViewController.h */,
				AA61999F1A18D03300D9374D /* VLCMovieViewController.m */,
				AA6199A41A18E82300D9374D /* VLCFrostedGlasView.h */,
				AA6199A51A18E82300D9374D /* VLCFrostedGlasView.m */,
				AA6199AA1A18EAB400D9374D /* OBSlider.h */,
				AA6199AB1A18EAB400D9374D /* OBSlider.m */,
				AA6199D81A1903F000D9374D /* VLCSlider.h */,
				AA6199D91A1903F000D9374D /* VLCSlider.m */,
				AA6199AD1A18EACC00D9374D /* VLCStatusLabel.h */,
				AA6199AE1A18EACC00D9374D /* VLCStatusLabel.m */,
				AA6199B01A18EBD800D9374D /* UIColor+Presets.h */,
				AA6199B11A18EBD800D9374D /* UIColor+Presets.m */,
				AA6199B31A18ECAE00D9374D /* VLCConstants.h */,
				AA6199D41A18FC3700D9374D /* VLCMovieViewController~ipad.xib */,
				AAB229211A1C108A00842EC2 /* VLCMovieViewController~iphone.xib */,
			);
			name = VLC;
			sourceTree = "<group>";
		};
		AA7C3FD016C709380057E4C4 /* Controller */ = {
			isa = PBXGroup;
			children = (
				AAB3312B1799FCBD001630DC /* Transcode */,
				AAC8426B172F1087004BAB24 /* iPad */,
				AA8DC11616E140C800F93BD7 /* Channels */,
				AA8DC11816E140DE00F93BD7 /* DVR */,
				AA99BC5916ED537A0087060A /* EPG */,
				AA8DC11716E140D600F93BD7 /* Status */,
				AA424AF516F67CA900D20F12 /* Settings */,
				AA6542211706196800BA20C1 /* TVHShowNotice.h */,
				AA6542221706196800BA20C1 /* TVHShowNotice.m */,
				AA08B24517838197000B0E2E /* UIView+ClosestParent.h */,
				AA08B24617838197000B0E2E /* UIView+ClosestParent.m */,
			);
			name = Controller;
			sourceTree = "<group>";
		};
		AA8DC11616E140C800F93BD7 /* Channels */ = {
			isa = PBXGroup;
			children = (
				AAFCB6BF16C86EC800A64434 /* TVHProgramDetailViewController.h */,
				AAFCB6C016C86EC800A64434 /* TVHProgramDetailViewController.m */,
				AA21F11416C7F6A10041C505 /* TVHChannelStoreProgramsViewController.h */,
				AA21F11516C7F6A10041C505 /* TVHChannelStoreProgramsViewController.m */,
				AAB39A1916BDB29C00973F88 /* TVHChannelStoreViewController.h */,
				AAB39A1A16BDB29C00973F88 /* TVHChannelStoreViewController.m */,
				AAF54A1D16C7137B0076DF17 /* TVHTagStoreViewController.h */,
				AAF54A1E16C7137B0076DF17 /* TVHTagStoreViewController.m */,
			);
			name = Channels;
			sourceTree = "<group>";
		};
		AA8DC11716E140D600F93BD7 /* Status */ = {
			isa = PBXGroup;
			children = (
				AA407E3F16D1CE5600451E6F /* TVHStatusSubscriptionsViewController.h */,
				AA407E4016D1CE5600451E6F /* TVHStatusSubscriptionsViewController.m */,
				AAF5FCB317A85A49001E908B /* TVHAdapterMuxViewController.h */,
				AAF5FCB417A85A49001E908B /* TVHAdapterMuxViewController.m */,
				AABCEFB3182EF9F400549ADF /* TVHServicesViewController.h */,
				AABCEFB4182EF9F400549ADF /* TVHServicesViewController.m */,
				AABE682816EBB0FE003E8F92 /* TVHDebugLogViewController.h */,
				AABE682916EBB0FE003E8F92 /* TVHDebugLogViewController.m */,
				AA9E76DF181DD48500E5A0D4 /* TVHWebLogViewController.h */,
				AA9E76E0181DD48500E5A0D4 /* TVHWebLogViewController.m */,
			);
			name = Status;
			sourceTree = "<group>";
		};
		AA8DC11816E140DE00F93BD7 /* DVR */ = {
			isa = PBXGroup;
			children = (
				AA8DECFC16DEBFAE00AF6A51 /* TVHRecordingsViewController.h */,
				AA8DECFD16DEBFAE00AF6A51 /* TVHRecordingsViewController.m */,
				AA8DC11A16E1762E00F93BD7 /* TVHRecordingsDetailViewController.h */,
				AA8DC11B16E1762E00F93BD7 /* TVHRecordingsDetailViewController.m */,
				AAE5273C16F28FEF002047E4 /* TVHAutoRecDetailViewController.h */,
				AAE5273D16F28FEF002047E4 /* TVHAutoRecDetailViewController.m */,
			);
			name = DVR;
			sourceTree = "<group>";
		};
		AA9101AA16C6B2C500673DF5 /* Third Party Frameworks */ = {
			isa = PBXGroup;
			children = (
				AABF3B96185E654500E62240 /* AFHTTPRequestOperationLogger */,
				AAF5FCAC17A844A2001E908B /* NSDate */,
			);
			name = "Third Party Frameworks";
			sourceTree = "<group>";
		};
		AA99BC5916ED537A0087060A /* EPG */ = {
			isa = PBXGroup;
			children = (
				AA99BC5D16ED54290087060A /* TVHEpgTableViewController.h */,
				AA99BC5E16ED54290087060A /* TVHEpgTableViewController.m */,
			);
			name = EPG;
			sourceTree = "<group>";
		};
		AAB3312B1799FCBD001630DC /* Transcode */ = {
			isa = PBXGroup;
			children = (
				AA28BA4616E6A1290029A723 /* TVHPlayStreamHelpController.h */,
				AA28BA4716E6A1290029A723 /* TVHPlayStreamHelpController.m */,
				AAB33134179A0B66001630DC /* TVHNativeMoviePlayerViewController.h */,
				AAB33135179A0B66001630DC /* TVHNativeMoviePlayerViewController.m */,
			);
			name = Transcode;
			sourceTree = "<group>";
		};
		AAB399E716BDB21900973F88 = {
			isa = PBXGroup;
			children = (
				AAB399F916BDB21900973F88 /* TvhClient */,
				AA43D4A116CF167300104BBF /* TvhClientTests */,
				AAB399F216BDB21900973F88 /* Frameworks */,
				AAB399F116BDB21900973F88 /* Products */,
				F584D579D87C73919503BE28 /* Pods */,
			);
			sourceTree = "<group>";
		};
		AAB399F116BDB21900973F88 /* Products */ = {
			isa = PBXGroup;
			children = (
				AAB399F016BDB21900973F88 /* TvhClient.app */,
				AA43D49C16CF167300104BBF /* TvhClientTests.xctest */,
			);
			name = Products;
			sourceTree = "<group>";
		};
		AAB399F216BDB21900973F88 /* Frameworks */ = {
			isa = PBXGroup;
			children = (
				AA2C7E3019BCDA94001EDC67 /* MediaAccessibility.framework */,
				AA2C7E2E19BCDA40001EDC67 /* GoogleCast.framework */,
				AA2C7DED19BCB6A3001EDC67 /* libsqlite3.0.dylib */,
				AABF3BB8185E66CA00E62240 /* libz.dylib */,
				AAC59D6417A09A1E005F07B3 /* StoreKit.framework */,
				AAB33132179A0AD4001630DC /* MediaPlayer.framework */,
				AA9BD3CB175B953700670C76 /* AdSupport.framework */,
				AA3EE6F7172B008100AD60F5 /* CoreData.framework */,
				AAE1EAC9170B6A4A006DE2BE /* CoreText.framework */,
				AAE7B797170781AB0052E6F3 /* CFNetwork.framework */,
				AA97AA5C17065B540068702E /* Security.framework */,
				AA8DED2316DEDFB300AF6A51 /* ImageIO.framework */,
				AA43D46F16CEFC5400104BBF /* QuartzCore.framework */,
				AA91023416C6B72500673DF5 /* SystemConfiguration.framework */,
				AA91023216C6B6F800673DF5 /* MobileCoreServices.framework */,
				AAB399F316BDB21900973F88 /* UIKit.framework */,
				AAB399F516BDB21900973F88 /* Foundation.framework */,
				AAB399F716BDB21900973F88 /* CoreGraphics.framework */,
				E3AA44A636E6CB7CDFED665D /* libPods.a */,
			);
			name = Frameworks;
			sourceTree = "<group>";
		};
		AAB399F916BDB21900973F88 /* TvhClient */ = {
			isa = PBXGroup;
			children = (
				AA61999B1A18D01A00D9374D /* VLC */,
				AA1D426A16BEC1B700F42F7E /* Model */,
				AA132E9A16D91EA60074FAB8 /* View */,
				AA7C3FD016C709380057E4C4 /* Controller */,
				AAB39A0216BDB21900973F88 /* TVHAppDelegate.h */,
				AAB39A0316BDB21900973F88 /* TVHAppDelegate.m */,
				AA779C9E170CD70400B7DDB4 /* TVHApiKeys.h */,
				AAB399FA16BDB21900973F88 /* Supporting Files */,
				AA9101AA16C6B2C500673DF5 /* Third Party Frameworks */,
			);
			path = TvhClient;
			sourceTree = "<group>";
		};
		AAB399FA16BDB21900973F88 /* Supporting Files */ = {
			isa = PBXGroup;
			children = (
				AA041CFA181422D7002019FF /* Images.xcassets */,
				AAB399FB16BDB21900973F88 /* TvhClient-Info.plist */,
				AAB399FC16BDB21900973F88 /* InfoPlist.strings */,
				AAB399FF16BDB21900973F88 /* main.m */,
				AAB39A0116BDB21900973F88 /* TvhClient-Prefix.pch */,
			);
			name = "Supporting Files";
			sourceTree = "<group>";
		};
		AABF3957185E163C00E62240 /* Analytics / Debugs */ = {
			isa = PBXGroup;
			children = (
				AABF3954185E157E00E62240 /* TVHModelAnalytics.h */,
				AABF3955185E157E00E62240 /* TVHModelAnalytics.m */,
				AA8CDBDE1819CC090025C39F /* TVHAnalytics.h */,
				AA8CDBDF1819CC090025C39F /* TVHAnalytics.m */,
				AAF0536E18245FA0008B1A0A /* TVHDebugLytics.h */,
				AAF0536F18245FA0008B1A0A /* TVHDebugLytics.m */,
			);
			name = "Analytics / Debugs";
			sourceTree = "<group>";
		};
		AABF3959185E168000E62240 /* Properties */ = {
			isa = PBXGroup;
			children = (
				AA21878616E7F6D9005D95EF /* NSString+FileSize.h */,
				AA21878716E7F6D9005D95EF /* NSString+FileSize.m */,
			);
			name = Properties;
			sourceTree = "<group>";
		};
		AABF3B8B185E62B600E62240 /* Products */ = {
			isa = PBXGroup;
			children = (
				AABF3B90185E62B600E62240 /* libtvheadend-ios-lib.a */,
				AABF3B92185E62B600E62240 /* tvheadend-ios-libTests.xctest */,
			);
			name = Products;
			sourceTree = "<group>";
		};
		AABF3B96185E654500E62240 /* AFHTTPRequestOperationLogger */ = {
			isa = PBXGroup;
			children = (
				AABF3B97185E655B00E62240 /* AFHTTPRequestOperationLogger.h */,
				AABF3B98185E655B00E62240 /* AFHTTPRequestOperationLogger.m */,
			);
			name = AFHTTPRequestOperationLogger;
			sourceTree = "<group>";
		};
		AAC59D5917A09821005F07B3 /* IAP */ = {
			isa = PBXGroup;
			children = (
				AAC59D5A17A09821005F07B3 /* IAPHelper.h */,
				AAC59D5B17A09821005F07B3 /* IAPHelper.m */,
				AAC59D5C17A09821005F07B3 /* TVHIAPHelper.h */,
				AAC59D5D17A09821005F07B3 /* TVHIAPHelper.m */,
			);
			path = IAP;
			sourceTree = "<group>";
		};
		AAC59D6317A09827005F07B3 /* Support Me */ = {
			isa = PBXGroup;
			children = (
				AAC59D5917A09821005F07B3 /* IAP */,
				AAC59D5E17A09821005F07B3 /* TVHSupportMeViewController.h */,
				AAC59D5F17A09821005F07B3 /* TVHSupportMeViewController.m */,
			);
			name = "Support Me";
			sourceTree = "<group>";
		};
		AAC8426B172F1087004BAB24 /* iPad */ = {
			isa = PBXGroup;
			children = (
				AAF264891744224E006C96CE /* SidePanel */,
				AAC8426C172F11A5004BAB24 /* TVHChannelSplitViewController.h */,
				AAC8426D172F11A5004BAB24 /* TVHChannelSplitViewController.m */,
				AAF264831744200F006C96CE /* TVHRecordingsSplitViewController.h */,
				AAF2648417442010006C96CE /* TVHRecordingsSplitViewController.m */,
				AAAC5AC51748FDC4006B093E /* TVHStatusSplitViewController.h */,
				AAAC5AC61748FDC4006B093E /* TVHStatusSplitViewController.m */,
			);
			name = iPad;
			sourceTree = "<group>";
		};
		AAF264891744224E006C96CE /* SidePanel */ = {
			isa = PBXGroup;
			children = (
				AAF2648017441EC2006C96CE /* TVHMainSlidePanelViewController.h */,
				AAF2648117441EC2006C96CE /* TVHMainSlidePanelViewController.m */,
				AAF2648617442247006C96CE /* TVHLeftMainMenuViewController.h */,
				AAF2648717442247006C96CE /* TVHLeftMainMenuViewController.m */,
				AA8EA97E1751413A008B3703 /* TVHJASidePanelController.h */,
				AA8EA97F1751413A008B3703 /* TVHJASidePanelController.m */,
			);
			name = SidePanel;
			sourceTree = "<group>";
		};
		AAF5FCAC17A844A2001E908B /* NSDate */ = {
			isa = PBXGroup;
			children = (
				AAF5FCAD17A844BD001E908B /* NSDate+Utilities.h */,
				AAF5FCAE17A844BD001E908B /* NSDate+Utilities.m */,
			);
			name = NSDate;
			sourceTree = "<group>";
		};
		F584D579D87C73919503BE28 /* Pods */ = {
			isa = PBXGroup;
			children = (
				4732BF334FDCC8D48BD0E6B2 /* Pods.debug.xcconfig */,
				240E45C6A3BE5C9FBFE45275 /* Pods.release.xcconfig */,
			);
			name = Pods;
			sourceTree = "<group>";
		};
/* End PBXGroup section */

/* Begin PBXNativeTarget section */
		AA43D49B16CF167300104BBF /* TvhClientTests */ = {
			isa = PBXNativeTarget;
			buildConfigurationList = AA43D4AD16CF167300104BBF /* Build configuration list for PBXNativeTarget "TvhClientTests" */;
			buildPhases = (
				AA43D49716CF167300104BBF /* Sources */,
				AA43D49816CF167300104BBF /* Frameworks */,
				AA43D49916CF167300104BBF /* Resources */,
				AA43D49A16CF167300104BBF /* ShellScript */,
			);
			buildRules = (
			);
			dependencies = (
				AA43D4B516CF230400104BBF /* PBXTargetDependency */,
			);
			name = TvhClientTests;
			productName = TvhClientTests;
			productReference = AA43D49C16CF167300104BBF /* TvhClientTests.xctest */;
			productType = "com.apple.product-type.bundle.unit-test";
		};
		AAB399EF16BDB21900973F88 /* TvhClient */ = {
			isa = PBXNativeTarget;
			buildConfigurationList = AAB39A1616BDB21900973F88 /* Build configuration list for PBXNativeTarget "TvhClient" */;
			buildPhases = (
				0DFD038AD2F7E9365FBEAD2E /* Check Pods Manifest.lock */,
				AAB399EC16BDB21900973F88 /* Sources */,
				AAB399ED16BDB21900973F88 /* Frameworks */,
				AAB399EE16BDB21900973F88 /* Resources */,
				AAFC2A0B16FBA52900194DFF /* Run git version */,
				AA9BD3CA175B94F700670C76 /* Run Crashlytics */,
				C715986F3A12B1CED18DF58F /* Copy Pods Resources */,
			);
			buildRules = (
			);
			dependencies = (
				F0CDE4671BA21460000A969B /* PBXTargetDependency */,
			);
			name = TvhClient;
			productName = "TVHeadend iOS Client";
			productReference = AAB399F016BDB21900973F88 /* TvhClient.app */;
			productType = "com.apple.product-type.application";
		};
/* End PBXNativeTarget section */

/* Begin PBXProject section */
		AAB399E816BDB21900973F88 /* Project object */ = {
			isa = PBXProject;
			attributes = {
				CLASSPREFIX = TVH;
				LastTestingUpgradeCheck = 0600;
				LastUpgradeCheck = 0710;
				ORGANIZATIONNAME = zipleen;
				TargetAttributes = {
					AAB399EF16BDB21900973F88 = {
						DevelopmentTeam = FPS864GPA9;
					};
				};
			};
			buildConfigurationList = AAB399EB16BDB21900973F88 /* Build configuration list for PBXProject "TvhClient" */;
			compatibilityVersion = "Xcode 3.2";
			developmentRegion = English;
			hasScannedForEncodings = 0;
			knownRegions = (
				en,
				pt,
				"pt-PT",
				Base,
				de,
				es,
				"es-MX",
				it,
			);
			mainGroup = AAB399E716BDB21900973F88;
			productRefGroup = AAB399F116BDB21900973F88 /* Products */;
			projectDirPath = "";
			projectReferences = (
				{
					ProductGroup = AABF3B8B185E62B600E62240 /* Products */;
					ProjectRef = AABF3B8A185E62B600E62240 /* tvheadend-ios-lib.xcodeproj */;
				},
			);
			projectRoot = "";
			targets = (
				AAB399EF16BDB21900973F88 /* TvhClient */,
				AA43D49B16CF167300104BBF /* TvhClientTests */,
			);
		};
/* End PBXProject section */

/* Begin PBXReferenceProxy section */
		AABF3B90185E62B600E62240 /* libtvheadend-ios-lib.a */ = {
			isa = PBXReferenceProxy;
			fileType = archive.ar;
			path = "libtvheadend-ios-lib.a";
			remoteRef = AABF3B8F185E62B600E62240 /* PBXContainerItemProxy */;
			sourceTree = BUILT_PRODUCTS_DIR;
		};
		AABF3B92185E62B600E62240 /* tvheadend-ios-libTests.xctest */ = {
			isa = PBXReferenceProxy;
			fileType = wrapper.cfbundle;
			path = "tvheadend-ios-libTests.xctest";
			remoteRef = AABF3B91185E62B600E62240 /* PBXContainerItemProxy */;
			sourceTree = BUILT_PRODUCTS_DIR;
		};
/* End PBXReferenceProxy section */

/* Begin PBXResourcesBuildPhase section */
		AA43D49916CF167300104BBF /* Resources */ = {
			isa = PBXResourcesBuildPhase;
			buildActionMask = 2147483647;
			files = (
				AA43D4A616CF167300104BBF /* InfoPlist.strings in Resources */,
			);
			runOnlyForDeploymentPostprocessing = 0;
		};
		AAB399EE16BDB21900973F88 /* Resources */ = {
			isa = PBXResourcesBuildPhase;
			buildActionMask = 2147483647;
			files = (
				AAB399FE16BDB21900973F88 /* InfoPlist.strings in Resources */,
				AAB39A0D16BDB21900973F88 /* MainStoryboard_iPhone.storyboard in Resources */,
				AAB39A1016BDB21900973F88 /* MainStoryboard_iPad.storyboard in Resources */,
				AA407E2D16D1A0EE00451E6F /* Localizable.strings in Resources */,
				AA3721C216FBF18500C21F09 /* about.html in Resources */,
				AA3721C416FBF19100C21F09 /* licenses.html in Resources */,
				AA6199D61A18FC3700D9374D /* VLCMovieViewController~ipad.xib in Resources */,
				AAB229221A1C108A00842EC2 /* VLCMovieViewController~iphone.xib in Resources */,
				AA041CFB181422D7002019FF /* Images.xcassets in Resources */,
			);
			runOnlyForDeploymentPostprocessing = 0;
		};
/* End PBXResourcesBuildPhase section */

/* Begin PBXShellScriptBuildPhase section */
		0DFD038AD2F7E9365FBEAD2E /* Check Pods Manifest.lock */ = {
			isa = PBXShellScriptBuildPhase;
			buildActionMask = 2147483647;
			files = (
			);
			inputPaths = (
			);
			name = "Check Pods Manifest.lock";
			outputPaths = (
			);
			runOnlyForDeploymentPostprocessing = 0;
			shellPath = /bin/sh;
			shellScript = "diff \"${PODS_ROOT}/../Podfile.lock\" \"${PODS_ROOT}/Manifest.lock\" > /dev/null\nif [[ $? != 0 ]] ; then\n    cat << EOM\nerror: The sandbox is not in sync with the Podfile.lock. Run 'pod install' or update your CocoaPods installation.\nEOM\n    exit 1\nfi\n";
			showEnvVarsInLog = 0;
		};
		AA43D49A16CF167300104BBF /* ShellScript */ = {
			isa = PBXShellScriptBuildPhase;
			buildActionMask = 2147483647;
			files = (
			);
			inputPaths = (
			);
			outputPaths = (
			);
			runOnlyForDeploymentPostprocessing = 0;
			shellPath = /bin/sh;
			shellScript = "# Run the unit tests in this test bundle.\n\"${SYSTEM_DEVELOPER_DIR}/Tools/RunUnitTests\"\n";
		};
		AA9BD3CA175B94F700670C76 /* Run Crashlytics */ = {
			isa = PBXShellScriptBuildPhase;
			buildActionMask = 2147483647;
			files = (
			);
			inputPaths = (
			);
			name = "Run Crashlytics";
			outputPaths = (
			);
			runOnlyForDeploymentPostprocessing = 0;
			shellPath = /bin/sh;
			shellScript = "releaseConfig=\"Release\"\nhaveKey=`awk -F \"\\\"\" '/CRASH/{print $2}' TvhClient/TVHApiKeys.h`\nif [ \"$releaseConfig\" == \"${CONFIGURATION}\" ]; then\n    if [ \"$haveKey\" != \"\" ]; then\n        echo \"Running Crashlytics\"\n        ./Pods/CrashlyticsFrameworkIOS/Crashlytics.framework/run `awk -F \"\\\"\" '/CRASH/{print $2}' TvhClient/TVHApiKeys.h`\n    fi\nfi";
		};
		AAFC2A0B16FBA52900194DFF /* Run git version */ = {
			isa = PBXShellScriptBuildPhase;
			buildActionMask = 2147483647;
			files = (
			);
			inputPaths = (
			);
			name = "Run git version";
			outputPaths = (
			);
			runOnlyForDeploymentPostprocessing = 0;
			shellPath = /bin/bash;
			shellScript = "#!/bin/bash\n\n# This script automatically sets the version and short version string of\n# an Xcode project from the Git repository containing the project.\n#\n# To use this script in Xcode 4, add the contents to a \"Run Script\" build\n# phase for your application target.\n\nset -o errexit\nset -o nounset\n\nINFO_PLIST=\"${BUILT_PRODUCTS_DIR}/${WRAPPER_NAME}/Info\"\n\n# Get git tag and hash in the FulLVersion\n#FULL_VERSION=$(git --git-dir=\"${PROJECT_DIR}/.git\" --work-tree=\"${PROJECT_DIR}/\" describe --dirty | sed -e 's/^v//' -e 's/g//')\n\n# Use the latest tag for short version (You'll have to make sure that all your tags are of the format 0.0.0,\n# this is to satisfy Apple's rule that short version be three integers separated by dots)\n#SHORT_VERSION=$(git --git-dir=\"${PROJECT_DIR}/.git\" --work-tree=\"${PROJECT_DIR}/\" describe --abbrev=0)\n\n# I'd like to use the Git commit hash for CFBundleVersion.\n# VERSION=$(git --git-dir=\"${PROJECT_DIR}/.git\" --work-tree=\"${PROJECT_DIR}\" rev-parse --short HEAD)\n\n# But Apple wants this value to be a monotonically increasing integer, so\n# instead use the number of commits on the master branch. If you like to\n# play fast and loose with your Git history, this may cause you problems.\n# Thanks to @amrox for pointing out the issue and fix.\nVERSION=$(git --git-dir=\"${PROJECT_DIR}/.git\" --work-tree=\"${PROJECT_DIR}/\" rev-list master | wc -l)\n\n#defaults write $INFO_PLIST CFBundleShortVersionString $SHORT_VERSION\ndefaults write \"$INFO_PLIST\" CFBundleVersion $VERSION\n#defaults write $INFO_PLIST FullVersion $KAHAF_VERSION";
		};
		C715986F3A12B1CED18DF58F /* Copy Pods Resources */ = {
			isa = PBXShellScriptBuildPhase;
			buildActionMask = 2147483647;
			files = (
			);
			inputPaths = (
			);
			name = "Copy Pods Resources";
			outputPaths = (
			);
			runOnlyForDeploymentPostprocessing = 0;
			shellPath = /bin/sh;
			shellScript = "\"${SRCROOT}/Pods/Target Support Files/Pods/Pods-resources.sh\"\n";
			showEnvVarsInLog = 0;
		};
/* End PBXShellScriptBuildPhase section */

/* Begin PBXSourcesBuildPhase section */
		AA43D49716CF167300104BBF /* Sources */ = {
			isa = PBXSourcesBuildPhase;
			buildActionMask = 2147483647;
			files = (
				AA43D4A916CF167300104BBF /* TvhClientTests.m in Sources */,
			);
			runOnlyForDeploymentPostprocessing = 0;
		};
		AAB399EC16BDB21900973F88 /* Sources */ = {
			isa = PBXSourcesBuildPhase;
			buildActionMask = 2147483647;
			files = (
				AAB39A0016BDB21900973F88 /* main.m in Sources */,
				AAB39A0416BDB21900973F88 /* TVHAppDelegate.m in Sources */,
				AAB39A1B16BDB29C00973F88 /* TVHChannelStoreViewController.m in Sources */,
				AAC468551A22662E000E3E73 /* UIDevice+SpeedCategory.m in Sources */,
				AA845E3817E90309002D1CB5 /* TVHStatusBar.m in Sources */,
				AABF3C05185E6E6600E62240 /* TVHImageCache.m in Sources */,
				AA7C3FCF16C6CC810057E4C4 /* TVHSettings.m in Sources */,
				AA6199A61A18E82300D9374D /* VLCFrostedGlasView.m in Sources */,
				AAF54A1F16C7137B0076DF17 /* TVHTagStoreViewController.m in Sources */,
				AA21F11616C7F6A10041C505 /* TVHChannelStoreProgramsViewController.m in Sources */,
				AAFCB6C116C86EC800A64434 /* TVHProgramDetailViewController.m in Sources */,
				AA9E76E1181DD48500E5A0D4 /* TVHWebLogViewController.m in Sources */,
				AA6199AC1A18EAB400D9374D /* OBSlider.m in Sources */,
				AA407E4116D1CE5600451E6F /* TVHStatusSubscriptionsViewController.m in Sources */,
				AA132E9D16D91EDC0074FAB8 /* TVHUICustomTabBar.m in Sources */,
				AA6ADF86181F2A42000DC39A /* TVHSettingsWebControllerViewController.m in Sources */,
				AA132EBB16D9594B0074FAB8 /* TVHUICustomNavigationBar.m in Sources */,
				AA8DECFE16DEBFAE00AF6A51 /* TVHRecordingsViewController.m in Sources */,
				AAF0537018245FA0008B1A0A /* TVHDebugLytics.m in Sources */,
				AAA40AC61A0C35FE005D94E1 /* TVHButton.m in Sources */,
				AA8DC11C16E1762E00F93BD7 /* TVHRecordingsDetailViewController.m in Sources */,
				AA28BA4816E6A12A0029A723 /* TVHPlayStreamHelpController.m in Sources */,
				AA21878816E7F6D9005D95EF /* NSString+FileSize.m in Sources */,
				AABE682A16EBB0FE003E8F92 /* TVHDebugLogViewController.m in Sources */,
				AA99BC5F16ED54290087060A /* TVHEpgTableViewController.m in Sources */,
				AAE5273E16F28FEF002047E4 /* TVHAutoRecDetailViewController.m in Sources */,
				AA424AF416F6797C00D20F12 /* TVHSettingsViewController.m in Sources */,
				AAFC2A0A16FB34B500194DFF /* TVHSettingsServersViewController.m in Sources */,
				AAFD3632170106DA00448059 /* TVHSettingsGenericFieldViewController.m in Sources */,
				AAFD36381701232000448059 /* TVHSettingsGenericTextViewController.m in Sources */,
				AA6542231706196900BA20C1 /* TVHShowNotice.m in Sources */,
				AA6199A01A18D03300D9374D /* VLCExternalDisplayController.m in Sources */,
				AAC8426E172F11A5004BAB24 /* TVHChannelSplitViewController.m in Sources */,
				AA6199AF1A18EACC00D9374D /* VLCStatusLabel.m in Sources */,
				AAF2648217441EC2006C96CE /* TVHMainSlidePanelViewController.m in Sources */,
				AAF2648517442010006C96CE /* TVHRecordingsSplitViewController.m in Sources */,
				AAF2648817442247006C96CE /* TVHLeftMainMenuViewController.m in Sources */,
				AA6199DA1A1903F000D9374D /* VLCSlider.m in Sources */,
				AABCEFB5182EF9F400549ADF /* TVHServicesViewController.m in Sources */,
				AA08B24717838197000B0E2E /* UIView+ClosestParent.m in Sources */,
				AAFDEC6417454CE80035D734 /* TVHSingletonServer.m in Sources */,
				AAAC5AC71748FDC4006B093E /* TVHStatusSplitViewController.m in Sources */,
				AA8EA9801751413A008B3703 /* TVHJASidePanelController.m in Sources */,
				AA6199A11A18D03300D9374D /* VLCMovieViewController.m in Sources */,
				AAB33136179A0B66001630DC /* TVHNativeMoviePlayerViewController.m in Sources */,
				AA8CDBE01819CC090025C39F /* TVHAnalytics.m in Sources */,
				AAC59D6017A09821005F07B3 /* IAPHelper.m in Sources */,
				AAC59D6117A09821005F07B3 /* TVHIAPHelper.m in Sources */,
				AABF3956185E157E00E62240 /* TVHModelAnalytics.m in Sources */,
				AAC59D6217A09821005F07B3 /* TVHSupportMeViewController.m in Sources */,
				AA0BE36017A1DFBF00D33B7A /* TVHProgressBar.m in Sources */,
				AAF5FCAF17A844BD001E908B /* NSDate+Utilities.m in Sources */,
				AAF5FCB517A85A49001E908B /* TVHAdapterMuxViewController.m in Sources */,
				AA08625517AAF9FD001108D7 /* TVHUICustomTabBarController.m in Sources */,
				AABF3B99185E655B00E62240 /* AFHTTPRequestOperationLogger.m in Sources */,
				AA6199B21A18EBD800D9374D /* UIColor+Presets.m in Sources */,
			);
			runOnlyForDeploymentPostprocessing = 0;
		};
/* End PBXSourcesBuildPhase section */

/* Begin PBXTargetDependency section */
		AA43D4B516CF230400104BBF /* PBXTargetDependency */ = {
			isa = PBXTargetDependency;
			target = AAB399EF16BDB21900973F88 /* TvhClient */;
			targetProxy = AA43D4B416CF230400104BBF /* PBXContainerItemProxy */;
		};
		F0CDE4671BA21460000A969B /* PBXTargetDependency */ = {
			isa = PBXTargetDependency;
			name = "tvheadend-ios-lib";
			targetProxy = F0CDE4661BA21460000A969B /* PBXContainerItemProxy */;
		};
/* End PBXTargetDependency section */

/* Begin PBXVariantGroup section */
		AA407E2F16D1A0EE00451E6F /* Localizable.strings */ = {
			isa = PBXVariantGroup;
			children = (
				AA407E2E16D1A0EE00451E6F /* en */,
				AA407E3016D1A10400451E6F /* pt */,
				AA407E3116D1A10400451E6F /* pt-PT */,
				AA2C7E2219BCC298001EDC67 /* de */,
				AAC468501A225503000E3E73 /* es */,
				AAC468511A225585000E3E73 /* es-MX */,
				AAC468521A2255EF000E3E73 /* it */,
			);
			name = Localizable.strings;
			sourceTree = "<group>";
		};
		AA43D4A416CF167300104BBF /* InfoPlist.strings */ = {
			isa = PBXVariantGroup;
			children = (
				AA43D4A516CF167300104BBF /* en */,
			);
			name = InfoPlist.strings;
			sourceTree = "<group>";
		};
		AAB399FC16BDB21900973F88 /* InfoPlist.strings */ = {
			isa = PBXVariantGroup;
			children = (
				AAB399FD16BDB21900973F88 /* en */,
			);
			name = InfoPlist.strings;
			sourceTree = "<group>";
		};
		AAB39A0B16BDB21900973F88 /* MainStoryboard_iPhone.storyboard */ = {
			isa = PBXVariantGroup;
			children = (
				AA00CA87171362AF00A02E5F /* en */,
			);
			name = MainStoryboard_iPhone.storyboard;
			sourceTree = "<group>";
		};
		AAB39A0E16BDB21900973F88 /* MainStoryboard_iPad.storyboard */ = {
			isa = PBXVariantGroup;
			children = (
				AA00CA8B171362D100A02E5F /* en */,
			);
			name = MainStoryboard_iPad.storyboard;
			sourceTree = "<group>";
		};
/* End PBXVariantGroup section */

/* Begin XCBuildConfiguration section */
		AA43D4AB16CF167300104BBF /* Debug */ = {
			isa = XCBuildConfiguration;
			buildSettings = {
				BUNDLE_LOADER = "$(BUILT_PRODUCTS_DIR)/TvhClient.app/TvhClient";
				FRAMEWORK_SEARCH_PATHS = (
					"\"$(SDKROOT)/Developer/Library/Frameworks\"",
					"\"$(DEVELOPER_LIBRARY_DIR)/Frameworks\"",
					"$(inherited)",
				);
				GCC_PRECOMPILE_PREFIX_HEADER = YES;
				GCC_PREFIX_HEADER = "TvhClientTests/TvhClientTests-Prefix.pch";
				INFOPLIST_FILE = "TvhClientTests/TvhClientTests-Info.plist";
				IPHONEOS_DEPLOYMENT_TARGET = 6.1;
				PRODUCT_BUNDLE_IDENTIFIER = "zipleen.${PRODUCT_NAME:rfc1034identifier}";
				PRODUCT_NAME = "$(TARGET_NAME)";
				TEST_HOST = "$(BUNDLE_LOADER)";
			};
			name = Debug;
		};
		AA43D4AC16CF167300104BBF /* Release */ = {
			isa = XCBuildConfiguration;
			buildSettings = {
				BUNDLE_LOADER = "$(BUILT_PRODUCTS_DIR)/TvhClient.app/TvhClient";
				FRAMEWORK_SEARCH_PATHS = (
					"\"$(SDKROOT)/Developer/Library/Frameworks\"",
					"\"$(DEVELOPER_LIBRARY_DIR)/Frameworks\"",
					"$(inherited)",
				);
				GCC_PRECOMPILE_PREFIX_HEADER = YES;
				GCC_PREFIX_HEADER = "TvhClientTests/TvhClientTests-Prefix.pch";
				INFOPLIST_FILE = "TvhClientTests/TvhClientTests-Info.plist";
				IPHONEOS_DEPLOYMENT_TARGET = 6.1;
				PRODUCT_BUNDLE_IDENTIFIER = "zipleen.${PRODUCT_NAME:rfc1034identifier}";
				PRODUCT_NAME = "$(TARGET_NAME)";
				TEST_HOST = "$(BUNDLE_LOADER)";
			};
			name = Release;
		};
		AAB39A1416BDB21900973F88 /* Debug */ = {
			isa = XCBuildConfiguration;
			buildSettings = {
				ALWAYS_SEARCH_USER_PATHS = NO;
				CLANG_CXX_LANGUAGE_STANDARD = "gnu++0x";
				CLANG_CXX_LIBRARY = "libc++";
				CLANG_ENABLE_OBJC_ARC = YES;
				CLANG_WARN_CONSTANT_CONVERSION = YES;
				CLANG_WARN_EMPTY_BODY = YES;
				CLANG_WARN_ENUM_CONVERSION = YES;
				CLANG_WARN_INT_CONVERSION = YES;
				CLANG_WARN__DUPLICATE_METHOD_MATCH = YES;
				CODE_SIGN_IDENTITY = "iPhone Developer";
				"CODE_SIGN_IDENTITY[sdk=iphoneos*]" = "iPhone Developer";
				COPY_PHASE_STRIP = NO;
				ENABLE_TESTABILITY = YES;
				GCC_C_LANGUAGE_STANDARD = gnu99;
				GCC_DYNAMIC_NO_PIC = NO;
				GCC_OPTIMIZATION_LEVEL = 0;
				GCC_PREPROCESSOR_DEFINITIONS = (
					"DEBUG=1",
					"$(inherited)",
				);
				GCC_SYMBOLS_PRIVATE_EXTERN = NO;
				GCC_WARN_ABOUT_RETURN_TYPE = YES;
				GCC_WARN_UNINITIALIZED_AUTOS = YES;
				GCC_WARN_UNUSED_VARIABLE = YES;
				IPHONEOS_DEPLOYMENT_TARGET = 6.1;
				ONLY_ACTIVE_ARCH = YES;
				PROVISIONING_PROFILE = "";
				"PROVISIONING_PROFILE[sdk=iphoneos*]" = "";
				SDKROOT = iphoneos;
				TARGETED_DEVICE_FAMILY = "1,2";
			};
			name = Debug;
		};
		AAB39A1516BDB21900973F88 /* Release */ = {
			isa = XCBuildConfiguration;
			buildSettings = {
				ALWAYS_SEARCH_USER_PATHS = NO;
				CLANG_CXX_LANGUAGE_STANDARD = "gnu++0x";
				CLANG_CXX_LIBRARY = "libc++";
				CLANG_ENABLE_OBJC_ARC = YES;
				CLANG_WARN_CONSTANT_CONVERSION = YES;
				CLANG_WARN_EMPTY_BODY = YES;
				CLANG_WARN_ENUM_CONVERSION = YES;
				CLANG_WARN_INT_CONVERSION = YES;
				CLANG_WARN__DUPLICATE_METHOD_MATCH = YES;
				CODE_SIGN_IDENTITY = "iPhone Developer";
				"CODE_SIGN_IDENTITY[sdk=iphoneos*]" = "iPhone Developer";
				COPY_PHASE_STRIP = YES;
				GCC_C_LANGUAGE_STANDARD = gnu99;
				GCC_WARN_ABOUT_RETURN_TYPE = YES;
				GCC_WARN_UNINITIALIZED_AUTOS = YES;
				GCC_WARN_UNUSED_VARIABLE = YES;
				IPHONEOS_DEPLOYMENT_TARGET = 6.1;
				OTHER_CFLAGS = "-DNS_BLOCK_ASSERTIONS=1";
				PROVISIONING_PROFILE = "";
				"PROVISIONING_PROFILE[sdk=iphoneos*]" = "";
				SDKROOT = iphoneos;
				TARGETED_DEVICE_FAMILY = "1,2";
				VALIDATE_PRODUCT = YES;
			};
			name = Release;
		};
		AAB39A1716BDB21900973F88 /* Debug */ = {
			isa = XCBuildConfiguration;
			baseConfigurationReference = 4732BF334FDCC8D48BD0E6B2 /* Pods.debug.xcconfig */;
			buildSettings = {
				ASSETCATALOG_COMPILER_APPICON_NAME = AppIcon;
				ASSETCATALOG_COMPILER_LAUNCHIMAGE_NAME = LaunchImage;
				CLANG_ANALYZER_SECURITY_FLOATLOOPCOUNTER = YES;
				CLANG_ANALYZER_SECURITY_INSECUREAPI_RAND = YES;
				CLANG_ANALYZER_SECURITY_INSECUREAPI_STRCPY = YES;
				CLANG_WARN_BOOL_CONVERSION = YES;
				CLANG_WARN_DIRECT_OBJC_ISA_USAGE = YES_ERROR;
				CLANG_WARN_OBJC_EXPLICIT_OWNERSHIP_TYPE = NO;
				CLANG_WARN_OBJC_ROOT_CLASS = YES_ERROR;
				CODE_SIGN_IDENTITY = "iPhone Developer";
				"CODE_SIGN_IDENTITY[sdk=iphoneos*]" = "iPhone Developer";
				ENABLE_BITCODE = NO;
				FRAMEWORK_SEARCH_PATHS = (
					"$(inherited)",
					"$(SRCROOT)",
					"$(PROJECT_DIR)/tvheadend-ios-lib/vendor",
					"$(PROJECT_DIR)/vendor",
				);
				GCC_PRECOMPILE_PREFIX_HEADER = YES;
				GCC_PREFIX_HEADER = "TvhClient/TvhClient-Prefix.pch";
				GCC_WARN_64_TO_32_BIT_CONVERSION = YES;
				GCC_WARN_ABOUT_RETURN_TYPE = YES_ERROR;
				GCC_WARN_UNDECLARED_SELECTOR = YES;
				GCC_WARN_UNUSED_FUNCTION = YES;
				HEADER_SEARCH_PATHS = (
					"$(inherited)",
					"$(SRCROOT)/tvheadend-ios-lib/tvheadend-ios-lib",
					"$(SRCROOT)/tvheadend-ios-lib/vendor/**",
				);
				INFOPLIST_FILE = "TvhClient/TvhClient-Info.plist";
				IPHONEOS_DEPLOYMENT_TARGET = 6.1;
				LIBRARY_SEARCH_PATHS = (
					"$(inherited)",
					"$(PROJECT_DIR)/tvheadend-ios-lib/vendor/libssh2-compiled",
				);
				ONLY_ACTIVE_ARCH = YES;
				OTHER_CFLAGS = "$(inherited)";
				OTHER_LDFLAGS = (
					"$(inherited)",
					"-ObjC",
				);
				PRODUCT_BUNDLE_IDENTIFIER = "com.zipleen.${PRODUCT_NAME:rfc1034identifier}";
				PRODUCT_NAME = TvhClient;
				PROVISIONING_PROFILE = "";
				"PROVISIONING_PROFILE[sdk=iphoneos*]" = "";
				RUN_CLANG_STATIC_ANALYZER = YES;
				WRAPPER_EXTENSION = app;
			};
			name = Debug;
		};
		AAB39A1816BDB21900973F88 /* Release */ = {
			isa = XCBuildConfiguration;
			baseConfigurationReference = 240E45C6A3BE5C9FBFE45275 /* Pods.release.xcconfig */;
			buildSettings = {
				ASSETCATALOG_COMPILER_APPICON_NAME = AppIcon;
				ASSETCATALOG_COMPILER_LAUNCHIMAGE_NAME = LaunchImage;
				CLANG_ANALYZER_SECURITY_FLOATLOOPCOUNTER = YES;
				CLANG_ANALYZER_SECURITY_INSECUREAPI_RAND = YES;
				CLANG_ANALYZER_SECURITY_INSECUREAPI_STRCPY = YES;
				CLANG_STATIC_ANALYZER_MODE = shallow;
				CLANG_WARN_BOOL_CONVERSION = YES;
				CLANG_WARN_DIRECT_OBJC_ISA_USAGE = YES_ERROR;
				CLANG_WARN_OBJC_EXPLICIT_OWNERSHIP_TYPE = NO;
				CLANG_WARN_OBJC_ROOT_CLASS = YES_ERROR;
				CODE_SIGN_IDENTITY = "iPhone Developer";
				"CODE_SIGN_IDENTITY[sdk=iphoneos*]" = "iPhone Developer";
				COPY_PHASE_STRIP = YES;
				ENABLE_BITCODE = NO;
				ENABLE_NS_ASSERTIONS = NO;
				FRAMEWORK_SEARCH_PATHS = (
					"$(inherited)",
					"$(SRCROOT)",
					"$(PROJECT_DIR)/tvheadend-ios-lib/vendor",
					"$(PROJECT_DIR)/vendor",
				);
				GCC_PRECOMPILE_PREFIX_HEADER = YES;
				GCC_PREFIX_HEADER = "TvhClient/TvhClient-Prefix.pch";
				GCC_WARN_64_TO_32_BIT_CONVERSION = YES;
				GCC_WARN_ABOUT_RETURN_TYPE = YES_ERROR;
				GCC_WARN_UNDECLARED_SELECTOR = YES;
				GCC_WARN_UNUSED_FUNCTION = YES;
				HEADER_SEARCH_PATHS = (
					"$(inherited)",
					"$(SRCROOT)/tvheadend-ios-lib/tvheadend-ios-lib",
					"$(SRCROOT)/tvheadend-ios-lib/vendor/**",
				);
				INFOPLIST_FILE = "TvhClient/TvhClient-Info.plist";
				IPHONEOS_DEPLOYMENT_TARGET = 6.1;
				LIBRARY_SEARCH_PATHS = (
					"$(inherited)",
					"$(PROJECT_DIR)/tvheadend-ios-lib/vendor/libssh2-compiled",
				);
				OTHER_CFLAGS = "$(inherited)";
				OTHER_LDFLAGS = (
					"$(inherited)",
					"-ObjC",
				);
				PRODUCT_BUNDLE_IDENTIFIER = "com.zipleen.${PRODUCT_NAME:rfc1034identifier}";
				PRODUCT_NAME = TvhClient;
				PROVISIONING_PROFILE = "";
				"PROVISIONING_PROFILE[sdk=iphoneos*]" = "";
				RUN_CLANG_STATIC_ANALYZER = YES;
				WRAPPER_EXTENSION = app;
			};
			name = Release;
		};
/* End XCBuildConfiguration section */

/* Begin XCConfigurationList section */
		AA43D4AD16CF167300104BBF /* Build configuration list for PBXNativeTarget "TvhClientTests" */ = {
			isa = XCConfigurationList;
			buildConfigurations = (
				AA43D4AB16CF167300104BBF /* Debug */,
				AA43D4AC16CF167300104BBF /* Release */,
			);
			defaultConfigurationIsVisible = 0;
			defaultConfigurationName = Release;
		};
		AAB399EB16BDB21900973F88 /* Build configuration list for PBXProject "TvhClient" */ = {
			isa = XCConfigurationList;
			buildConfigurations = (
				AAB39A1416BDB21900973F88 /* Debug */,
				AAB39A1516BDB21900973F88 /* Release */,
			);
			defaultConfigurationIsVisible = 0;
			defaultConfigurationName = Release;
		};
		AAB39A1616BDB21900973F88 /* Build configuration list for PBXNativeTarget "TvhClient" */ = {
			isa = XCConfigurationList;
			buildConfigurations = (
				AAB39A1716BDB21900973F88 /* Debug */,
				AAB39A1816BDB21900973F88 /* Release */,
			);
			defaultConfigurationIsVisible = 0;
			defaultConfigurationName = Release;
		};
/* End XCConfigurationList section */
	};
	rootObject = AAB399E816BDB21900973F88 /* Project object */;
}
